// !$*UTF8*$!
{
	archiveVersion = 1;
	classes = {
	};
	objectVersion = 46;
	objects = {

/* Begin PBXBuildFile section */
		006D720419952D00008149E2 /* AVFoundation.framework in Frameworks */ = {isa = PBXBuildFile; fileRef = 006D720219952D00008149E2 /* AVFoundation.framework */; };
		006D720519952D00008149E2 /* CoreMedia.framework in Frameworks */ = {isa = PBXBuildFile; fileRef = 006D720319952D00008149E2 /* CoreMedia.framework */; };
		0091D8F90E81B9330029341E /* OpenGL.framework in Frameworks */ = {isa = PBXBuildFile; fileRef = 0091D8F80E81B9330029341E /* OpenGL.framework */; };
		00B784B30FF439BC000DE1D7 /* Accelerate.framework in Frameworks */ = {isa = PBXBuildFile; fileRef = 00B784AF0FF439BC000DE1D7 /* Accelerate.framework */; };
		00B784B40FF439BC000DE1D7 /* AudioToolbox.framework in Frameworks */ = {isa = PBXBuildFile; fileRef = 00B784B00FF439BC000DE1D7 /* AudioToolbox.framework */; };
		00B784B50FF439BC000DE1D7 /* AudioUnit.framework in Frameworks */ = {isa = PBXBuildFile; fileRef = 00B784B10FF439BC000DE1D7 /* AudioUnit.framework */; };
		00B784B60FF439BC000DE1D7 /* CoreAudio.framework in Frameworks */ = {isa = PBXBuildFile; fileRef = 00B784B20FF439BC000DE1D7 /* CoreAudio.framework */; };
		23F8A0B774C4440486EDF46C /* ProjectionTestAppApp.cpp in Sources */ = {isa = PBXBuildFile; fileRef = A3605E9A333F4824A14D85A2 /* ProjectionTestAppApp.cpp */; };
		5323E6B20EAFCA74003A9687 /* CoreVideo.framework in Frameworks */ = {isa = PBXBuildFile; fileRef = 5323E6B10EAFCA74003A9687 /* CoreVideo.framework */; };
		5323E6B60EAFCA7E003A9687 /* QTKit.framework in Frameworks */ = {isa = PBXBuildFile; fileRef = 5323E6B50EAFCA7E003A9687 /* QTKit.framework */; };
		693162F4CD7B4EF5B9A3B565 /* CinderApp.icns in Resources */ = {isa = PBXBuildFile; fileRef = E5E9CD4C4B694A5F80F8ACB8 /* CinderApp.icns */; };
		8D11072F0486CEB800E47090 /* Cocoa.framework in Frameworks */ = {isa = PBXBuildFile; fileRef = 1058C7A1FEA54F0111CA2CBB /* Cocoa.framework */; };
		B366292D19F41EB100FACB16 /* Common.cpp in Sources */ = {isa = PBXBuildFile; fileRef = B36628F619F41EB100FACB16 /* Common.cpp */; };
		B366292E19F41EB100FACB16 /* Engine.cpp in Sources */ = {isa = PBXBuildFile; fileRef = B36628F919F41EB100FACB16 /* Engine.cpp */; };
		B366292F19F41EB100FACB16 /* JsonManager.cpp in Sources */ = {isa = PBXBuildFile; fileRef = B36628FB19F41EB100FACB16 /* JsonManager.cpp */; };
		B366293019F41EB100FACB16 /* SvgManager.cpp in Sources */ = {isa = PBXBuildFile; fileRef = B36628FD19F41EB100FACB16 /* SvgManager.cpp */; };
		B366293119F41EB100FACB16 /* EventManager.cpp in Sources */ = {isa = PBXBuildFile; fileRef = B366290119F41EB100FACB16 /* EventManager.cpp */; };
		B366293219F41EB100FACB16 /* EventManagerBase.cpp in Sources */ = {isa = PBXBuildFile; fileRef = B366290319F41EB100FACB16 /* EventManagerBase.cpp */; };
		B366293319F41EB100FACB16 /* hid_MACOSX.c in Sources */ = {isa = PBXBuildFile; fileRef = B366290919F41EB100FACB16 /* hid_MACOSX.c */; };
		B366293419F41EB100FACB16 /* HidCommManager.cpp in Sources */ = {isa = PBXBuildFile; fileRef = B366290A19F41EB100FACB16 /* HidCommManager.cpp */; };
		B366293519F41EB100FACB16 /* Urg.cpp in Sources */ = {isa = PBXBuildFile; fileRef = B366290D19F41EB100FACB16 /* Urg.cpp */; };
		B366293619F41EB100FACB16 /* InteractionDebugRenderable.cpp in Sources */ = {isa = PBXBuildFile; fileRef = B366291C19F41EB100FACB16 /* InteractionDebugRenderable.cpp */; };
		B366293719F41EB100FACB16 /* InteractionEvents.cpp in Sources */ = {isa = PBXBuildFile; fileRef = B366291E19F41EB100FACB16 /* InteractionEvents.cpp */; };
		B366293819F41EB100FACB16 /* InteractionZones.cpp in Sources */ = {isa = PBXBuildFile; fileRef = B366292019F41EB100FACB16 /* InteractionZones.cpp */; };
		B366293919F41EB100FACB16 /* InfoDisplay.cpp in Sources */ = {isa = PBXBuildFile; fileRef = B366292319F41EB100FACB16 /* InfoDisplay.cpp */; };
		B366293A19F41EB100FACB16 /* Kiosk.cpp in Sources */ = {isa = PBXBuildFile; fileRef = B366292519F41EB100FACB16 /* Kiosk.cpp */; };
		B366293B19F41EB100FACB16 /* Renderable.cpp in Sources */ = {isa = PBXBuildFile; fileRef = B366292819F41EB100FACB16 /* Renderable.cpp */; };
		B366293C19F41EB100FACB16 /* Renderer.cpp in Sources */ = {isa = PBXBuildFile; fileRef = B366292A19F41EB100FACB16 /* Renderer.cpp */; };
		B366293E19F41F0D00FACB16 /* IOKit.framework in Frameworks */ = {isa = PBXBuildFile; fileRef = B366293D19F41F0D00FACB16 /* IOKit.framework */; };
/* End PBXBuildFile section */

/* Begin PBXFileReference section */
		006D720219952D00008149E2 /* AVFoundation.framework */ = {isa = PBXFileReference; lastKnownFileType = wrapper.framework; name = AVFoundation.framework; path = System/Library/Frameworks/AVFoundation.framework; sourceTree = SDKROOT; };
		006D720319952D00008149E2 /* CoreMedia.framework */ = {isa = PBXFileReference; lastKnownFileType = wrapper.framework; name = CoreMedia.framework; path = System/Library/Frameworks/CoreMedia.framework; sourceTree = SDKROOT; };
		0091D8F80E81B9330029341E /* OpenGL.framework */ = {isa = PBXFileReference; lastKnownFileType = wrapper.framework; name = OpenGL.framework; path = /System/Library/Frameworks/OpenGL.framework; sourceTree = "<absolute>"; };
		00B784AF0FF439BC000DE1D7 /* Accelerate.framework */ = {isa = PBXFileReference; lastKnownFileType = wrapper.framework; name = Accelerate.framework; path = System/Library/Frameworks/Accelerate.framework; sourceTree = SDKROOT; };
		00B784B00FF439BC000DE1D7 /* AudioToolbox.framework */ = {isa = PBXFileReference; lastKnownFileType = wrapper.framework; name = AudioToolbox.framework; path = System/Library/Frameworks/AudioToolbox.framework; sourceTree = SDKROOT; };
		00B784B10FF439BC000DE1D7 /* AudioUnit.framework */ = {isa = PBXFileReference; lastKnownFileType = wrapper.framework; name = AudioUnit.framework; path = System/Library/Frameworks/AudioUnit.framework; sourceTree = SDKROOT; };
		00B784B20FF439BC000DE1D7 /* CoreAudio.framework */ = {isa = PBXFileReference; lastKnownFileType = wrapper.framework; name = CoreAudio.framework; path = System/Library/Frameworks/CoreAudio.framework; sourceTree = SDKROOT; };
		1058C7A1FEA54F0111CA2CBB /* Cocoa.framework */ = {isa = PBXFileReference; lastKnownFileType = wrapper.framework; name = Cocoa.framework; path = /System/Library/Frameworks/Cocoa.framework; sourceTree = "<absolute>"; };
		14B5E79AB52B46EEA3DE6AAA /* Info.plist */ = {isa = PBXFileReference; lastKnownFileType = text.plist.xml; path = Info.plist; sourceTree = "<group>"; };
		29B97324FDCFA39411CA2CEA /* AppKit.framework */ = {isa = PBXFileReference; lastKnownFileType = wrapper.framework; name = AppKit.framework; path = /System/Library/Frameworks/AppKit.framework; sourceTree = "<absolute>"; };
		29B97325FDCFA39411CA2CEA /* Foundation.framework */ = {isa = PBXFileReference; lastKnownFileType = wrapper.framework; name = Foundation.framework; path = /System/Library/Frameworks/Foundation.framework; sourceTree = "<absolute>"; };
		4C5C4E65CD8E417F8D93DDA2 /* Resources.h */ = {isa = PBXFileReference; lastKnownFileType = sourcecode.c.h; name = Resources.h; path = ../include/Resources.h; sourceTree = "<group>"; };
		5323E6B10EAFCA74003A9687 /* CoreVideo.framework */ = {isa = PBXFileReference; lastKnownFileType = wrapper.framework; name = CoreVideo.framework; path = /System/Library/Frameworks/CoreVideo.framework; sourceTree = "<absolute>"; };
		5323E6B50EAFCA7E003A9687 /* QTKit.framework */ = {isa = PBXFileReference; lastKnownFileType = wrapper.framework; name = QTKit.framework; path = /System/Library/Frameworks/QTKit.framework; sourceTree = "<absolute>"; };
		57C10953444441C7813228D6 /* ProjectionTestApp_Prefix.pch */ = {isa = PBXFileReference; lastKnownFileType = "\"\""; path = ProjectionTestApp_Prefix.pch; sourceTree = "<group>"; };
		8D1107320486CEB800E47090 /* ProjectionTestApp.app */ = {isa = PBXFileReference; explicitFileType = wrapper.application; includeInIndex = 0; path = ProjectionTestApp.app; sourceTree = BUILT_PRODUCTS_DIR; };
		A3605E9A333F4824A14D85A2 /* ProjectionTestAppApp.cpp */ = {isa = PBXFileReference; lastKnownFileType = sourcecode.c.cpp; name = ProjectionTestAppApp.cpp; path = ../src/ProjectionTestAppApp.cpp; sourceTree = "<group>"; };
		B36628F619F41EB100FACB16 /* Common.cpp */ = {isa = PBXFileReference; fileEncoding = 4; lastKnownFileType = sourcecode.cpp.cpp; path = Common.cpp; sourceTree = "<group>"; };
		B36628F719F41EB100FACB16 /* Common.h */ = {isa = PBXFileReference; fileEncoding = 4; lastKnownFileType = sourcecode.c.h; path = Common.h; sourceTree = "<group>"; };
		B36628F919F41EB100FACB16 /* Engine.cpp */ = {isa = PBXFileReference; fileEncoding = 4; lastKnownFileType = sourcecode.cpp.cpp; path = Engine.cpp; sourceTree = "<group>"; };
		B36628FA19F41EB100FACB16 /* Engine.h */ = {isa = PBXFileReference; fileEncoding = 4; lastKnownFileType = sourcecode.c.h; path = Engine.h; sourceTree = "<group>"; };
		B36628FB19F41EB100FACB16 /* JsonManager.cpp */ = {isa = PBXFileReference; fileEncoding = 4; lastKnownFileType = sourcecode.cpp.cpp; path = JsonManager.cpp; sourceTree = "<group>"; };
		B36628FC19F41EB100FACB16 /* JsonManager.h */ = {isa = PBXFileReference; fileEncoding = 4; lastKnownFileType = sourcecode.c.h; path = JsonManager.h; sourceTree = "<group>"; };
		B36628FD19F41EB100FACB16 /* SvgManager.cpp */ = {isa = PBXFileReference; fileEncoding = 4; lastKnownFileType = sourcecode.cpp.cpp; path = SvgManager.cpp; sourceTree = "<group>"; };
		B36628FE19F41EB100FACB16 /* SvgManager.h */ = {isa = PBXFileReference; fileEncoding = 4; lastKnownFileType = sourcecode.c.h; path = SvgManager.h; sourceTree = "<group>"; };
		B366290019F41EB100FACB16 /* BaseEventData.h */ = {isa = PBXFileReference; fileEncoding = 4; lastKnownFileType = sourcecode.c.h; path = BaseEventData.h; sourceTree = "<group>"; };
		B366290119F41EB100FACB16 /* EventManager.cpp */ = {isa = PBXFileReference; fileEncoding = 4; lastKnownFileType = sourcecode.cpp.cpp; path = EventManager.cpp; sourceTree = "<group>"; };
		B366290219F41EB100FACB16 /* EventManager.h */ = {isa = PBXFileReference; fileEncoding = 4; lastKnownFileType = sourcecode.c.h; path = EventManager.h; sourceTree = "<group>"; };
		B366290319F41EB100FACB16 /* EventManagerBase.cpp */ = {isa = PBXFileReference; fileEncoding = 4; lastKnownFileType = sourcecode.cpp.cpp; path = EventManagerBase.cpp; sourceTree = "<group>"; };
		B366290419F41EB100FACB16 /* EventManagerBase.h */ = {isa = PBXFileReference; fileEncoding = 4; lastKnownFileType = sourcecode.c.h; path = EventManagerBase.h; sourceTree = "<group>"; };
		B366290519F41EB100FACB16 /* FastDelegate.h */ = {isa = PBXFileReference; fileEncoding = 4; lastKnownFileType = sourcecode.c.h; path = FastDelegate.h; sourceTree = "<group>"; };
		B366290819F41EB100FACB16 /* hid.h */ = {isa = PBXFileReference; fileEncoding = 4; lastKnownFileType = sourcecode.c.h; path = hid.h; sourceTree = "<group>"; };
		B366290919F41EB100FACB16 /* hid_MACOSX.c */ = {isa = PBXFileReference; fileEncoding = 4; lastKnownFileType = sourcecode.c.c; path = hid_MACOSX.c; sourceTree = "<group>"; };
		B366290A19F41EB100FACB16 /* HidCommManager.cpp */ = {isa = PBXFileReference; fileEncoding = 4; lastKnownFileType = sourcecode.cpp.cpp; path = HidCommManager.cpp; sourceTree = "<group>"; };
		B366290B19F41EB100FACB16 /* HidCommManager.h */ = {isa = PBXFileReference; fileEncoding = 4; lastKnownFileType = sourcecode.c.h; path = HidCommManager.h; sourceTree = "<group>"; };
		B366290D19F41EB100FACB16 /* Urg.cpp */ = {isa = PBXFileReference; fileEncoding = 4; lastKnownFileType = sourcecode.cpp.cpp; path = Urg.cpp; sourceTree = "<group>"; };
		B366290E19F41EB100FACB16 /* Urg.h */ = {isa = PBXFileReference; fileEncoding = 4; lastKnownFileType = sourcecode.c.h; path = Urg.h; sourceTree = "<group>"; };
		B366291119F41EB100FACB16 /* urg_connection.h */ = {isa = PBXFileReference; fileEncoding = 4; lastKnownFileType = sourcecode.c.h; path = urg_connection.h; sourceTree = "<group>"; };
		B366291219F41EB100FACB16 /* urg_debug.h */ = {isa = PBXFileReference; fileEncoding = 4; lastKnownFileType = sourcecode.c.h; path = urg_debug.h; sourceTree = "<group>"; };
		B366291319F41EB100FACB16 /* urg_detect_os.h */ = {isa = PBXFileReference; fileEncoding = 4; lastKnownFileType = sourcecode.c.h; path = urg_detect_os.h; sourceTree = "<group>"; };
		B366291419F41EB100FACB16 /* urg_errno.h */ = {isa = PBXFileReference; fileEncoding = 4; lastKnownFileType = sourcecode.c.h; path = urg_errno.h; sourceTree = "<group>"; };
		B366291519F41EB100FACB16 /* urg_ring_buffer.h */ = {isa = PBXFileReference; fileEncoding = 4; lastKnownFileType = sourcecode.c.h; path = urg_ring_buffer.h; sourceTree = "<group>"; };
		B366291619F41EB100FACB16 /* urg_sensor.h */ = {isa = PBXFileReference; fileEncoding = 4; lastKnownFileType = sourcecode.c.h; path = urg_sensor.h; sourceTree = "<group>"; };
		B366291719F41EB100FACB16 /* urg_serial.h */ = {isa = PBXFileReference; fileEncoding = 4; lastKnownFileType = sourcecode.c.h; path = urg_serial.h; sourceTree = "<group>"; };
		B366291819F41EB100FACB16 /* urg_serial_utils.h */ = {isa = PBXFileReference; fileEncoding = 4; lastKnownFileType = sourcecode.c.h; path = urg_serial_utils.h; sourceTree = "<group>"; };
		B366291919F41EB100FACB16 /* urg_tcpclient.h */ = {isa = PBXFileReference; fileEncoding = 4; lastKnownFileType = sourcecode.c.h; path = urg_tcpclient.h; sourceTree = "<group>"; };
		B366291A19F41EB100FACB16 /* urg_utils.h */ = {isa = PBXFileReference; fileEncoding = 4; lastKnownFileType = sourcecode.c.h; path = urg_utils.h; sourceTree = "<group>"; };
		B366291C19F41EB100FACB16 /* InteractionDebugRenderable.cpp */ = {isa = PBXFileReference; fileEncoding = 4; lastKnownFileType = sourcecode.cpp.cpp; path = InteractionDebugRenderable.cpp; sourceTree = "<group>"; };
		B366291D19F41EB100FACB16 /* InteractionDebugRenderable.h */ = {isa = PBXFileReference; fileEncoding = 4; lastKnownFileType = sourcecode.c.h; path = InteractionDebugRenderable.h; sourceTree = "<group>"; };
		B366291E19F41EB100FACB16 /* InteractionEvents.cpp */ = {isa = PBXFileReference; fileEncoding = 4; lastKnownFileType = sourcecode.cpp.cpp; path = InteractionEvents.cpp; sourceTree = "<group>"; };
		B366291F19F41EB100FACB16 /* InteractionEvents.h */ = {isa = PBXFileReference; fileEncoding = 4; lastKnownFileType = sourcecode.c.h; path = InteractionEvents.h; sourceTree = "<group>"; };
		B366292019F41EB100FACB16 /* InteractionZones.cpp */ = {isa = PBXFileReference; fileEncoding = 4; lastKnownFileType = sourcecode.cpp.cpp; path = InteractionZones.cpp; sourceTree = "<group>"; };
		B366292119F41EB100FACB16 /* InteractionZones.h */ = {isa = PBXFileReference; fileEncoding = 4; lastKnownFileType = sourcecode.c.h; path = InteractionZones.h; sourceTree = "<group>"; };
		B366292319F41EB100FACB16 /* InfoDisplay.cpp */ = {isa = PBXFileReference; fileEncoding = 4; lastKnownFileType = sourcecode.cpp.cpp; path = InfoDisplay.cpp; sourceTree = "<group>"; };
		B366292419F41EB100FACB16 /* InfoDisplay.h */ = {isa = PBXFileReference; fileEncoding = 4; lastKnownFileType = sourcecode.c.h; path = InfoDisplay.h; sourceTree = "<group>"; };
		B366292519F41EB100FACB16 /* Kiosk.cpp */ = {isa = PBXFileReference; fileEncoding = 4; lastKnownFileType = sourcecode.cpp.cpp; path = Kiosk.cpp; sourceTree = "<group>"; };
		B366292619F41EB100FACB16 /* Kiosk.h */ = {isa = PBXFileReference; fileEncoding = 4; lastKnownFileType = sourcecode.c.h; path = Kiosk.h; sourceTree = "<group>"; };
		B366292819F41EB100FACB16 /* Renderable.cpp */ = {isa = PBXFileReference; fileEncoding = 4; lastKnownFileType = sourcecode.cpp.cpp; path = Renderable.cpp; sourceTree = "<group>"; };
		B366292919F41EB100FACB16 /* Renderable.h */ = {isa = PBXFileReference; fileEncoding = 4; lastKnownFileType = sourcecode.c.h; path = Renderable.h; sourceTree = "<group>"; };
		B366292A19F41EB100FACB16 /* Renderer.cpp */ = {isa = PBXFileReference; fileEncoding = 4; lastKnownFileType = sourcecode.cpp.cpp; path = Renderer.cpp; sourceTree = "<group>"; };
		B366292B19F41EB100FACB16 /* Renderer.h */ = {isa = PBXFileReference; fileEncoding = 4; lastKnownFileType = sourcecode.c.h; path = Renderer.h; sourceTree = "<group>"; };
		B366292C19F41EB100FACB16 /* Transformation.h */ = {isa = PBXFileReference; fileEncoding = 4; lastKnownFileType = sourcecode.c.h; path = Transformation.h; sourceTree = "<group>"; };
		B366293D19F41F0D00FACB16 /* IOKit.framework */ = {isa = PBXFileReference; lastKnownFileType = wrapper.framework; name = IOKit.framework; path = System/Library/Frameworks/IOKit.framework; sourceTree = SDKROOT; };
		E5E9CD4C4B694A5F80F8ACB8 /* CinderApp.icns */ = {isa = PBXFileReference; lastKnownFileType = image.icns; name = CinderApp.icns; path = ../resources/CinderApp.icns; sourceTree = "<group>"; };
/* End PBXFileReference section */

/* Begin PBXFrameworksBuildPhase section */
		8D11072E0486CEB800E47090 /* Frameworks */ = {
			isa = PBXFrameworksBuildPhase;
			buildActionMask = 2147483647;
			files = (
				B366293E19F41F0D00FACB16 /* IOKit.framework in Frameworks */,
				006D720419952D00008149E2 /* AVFoundation.framework in Frameworks */,
				006D720519952D00008149E2 /* CoreMedia.framework in Frameworks */,
				8D11072F0486CEB800E47090 /* Cocoa.framework in Frameworks */,
				0091D8F90E81B9330029341E /* OpenGL.framework in Frameworks */,
				5323E6B20EAFCA74003A9687 /* CoreVideo.framework in Frameworks */,
				5323E6B60EAFCA7E003A9687 /* QTKit.framework in Frameworks */,
				00B784B30FF439BC000DE1D7 /* Accelerate.framework in Frameworks */,
				00B784B40FF439BC000DE1D7 /* AudioToolbox.framework in Frameworks */,
				00B784B50FF439BC000DE1D7 /* AudioUnit.framework in Frameworks */,
				00B784B60FF439BC000DE1D7 /* CoreAudio.framework in Frameworks */,
			);
			runOnlyForDeploymentPostprocessing = 0;
		};
/* End PBXFrameworksBuildPhase section */

/* Begin PBXGroup section */
		01B97315FEAEA392516A2CEA /* Blocks */ = {
			isa = PBXGroup;
			children = (
				B36628F519F41EB100FACB16 /* src */,
			);
			name = Blocks;
			sourceTree = "<group>";
		};
		080E96DDFE201D6D7F000001 /* Source */ = {
			isa = PBXGroup;
			children = (
				A3605E9A333F4824A14D85A2 /* ProjectionTestAppApp.cpp */,
			);
			name = Source;
			sourceTree = "<group>";
		};
		1058C7A0FEA54F0111CA2CBB /* Linked Frameworks */ = {
			isa = PBXGroup;
			children = (
				006D720219952D00008149E2 /* AVFoundation.framework */,
				006D720319952D00008149E2 /* CoreMedia.framework */,
				00B784AF0FF439BC000DE1D7 /* Accelerate.framework */,
				00B784B00FF439BC000DE1D7 /* AudioToolbox.framework */,
				00B784B10FF439BC000DE1D7 /* AudioUnit.framework */,
				00B784B20FF439BC000DE1D7 /* CoreAudio.framework */,
				5323E6B50EAFCA7E003A9687 /* QTKit.framework */,
				5323E6B10EAFCA74003A9687 /* CoreVideo.framework */,
				0091D8F80E81B9330029341E /* OpenGL.framework */,
				1058C7A1FEA54F0111CA2CBB /* Cocoa.framework */,
			);
			name = "Linked Frameworks";
			sourceTree = "<group>";
		};
		1058C7A2FEA54F0111CA2CBB /* Other Frameworks */ = {
			isa = PBXGroup;
			children = (
				29B97324FDCFA39411CA2CEA /* AppKit.framework */,
				29B97325FDCFA39411CA2CEA /* Foundation.framework */,
			);
			name = "Other Frameworks";
			sourceTree = "<group>";
		};
		19C28FACFE9D520D11CA2CBB /* Products */ = {
			isa = PBXGroup;
			children = (
				8D1107320486CEB800E47090 /* ProjectionTestApp.app */,
			);
			name = Products;
			sourceTree = "<group>";
		};
		29B97314FDCFA39411CA2CEA /* ProjectionTestApp */ = {
			isa = PBXGroup;
			children = (
				01B97315FEAEA392516A2CEA /* Blocks */,
				29B97315FDCFA39411CA2CEA /* Headers */,
				080E96DDFE201D6D7F000001 /* Source */,
				29B97317FDCFA39411CA2CEA /* Resources */,
				29B97323FDCFA39411CA2CEA /* Frameworks */,
				19C28FACFE9D520D11CA2CBB /* Products */,
			);
			name = ProjectionTestApp;
			sourceTree = "<group>";
		};
		29B97315FDCFA39411CA2CEA /* Headers */ = {
			isa = PBXGroup;
			children = (
				4C5C4E65CD8E417F8D93DDA2 /* Resources.h */,
				57C10953444441C7813228D6 /* ProjectionTestApp_Prefix.pch */,
			);
			name = Headers;
			sourceTree = "<group>";
		};
		29B97317FDCFA39411CA2CEA /* Resources */ = {
			isa = PBXGroup;
			children = (
				E5E9CD4C4B694A5F80F8ACB8 /* CinderApp.icns */,
				14B5E79AB52B46EEA3DE6AAA /* Info.plist */,
			);
			name = Resources;
			sourceTree = "<group>";
		};
		29B97323FDCFA39411CA2CEA /* Frameworks */ = {
			isa = PBXGroup;
			children = (
				B366293D19F41F0D00FACB16 /* IOKit.framework */,
				1058C7A0FEA54F0111CA2CBB /* Linked Frameworks */,
				1058C7A2FEA54F0111CA2CBB /* Other Frameworks */,
			);
			name = Frameworks;
			sourceTree = "<group>";
		};
		B36628F519F41EB100FACB16 /* src */ = {
			isa = PBXGroup;
			children = (
				B36628F619F41EB100FACB16 /* Common.cpp */,
				B36628F719F41EB100FACB16 /* Common.h */,
				B36628F819F41EB100FACB16 /* Engine */,
				B36628FF19F41EB100FACB16 /* Event */,
				B366290619F41EB100FACB16 /* Hardware */,
				B366291B19F41EB100FACB16 /* Interaction */,
				B366292219F41EB100FACB16 /* Kiosk */,
				B366292719F41EB100FACB16 /* Render */,
			);
			name = src;
			path = ../../../src;
			sourceTree = "<group>";
		};
		B36628F819F41EB100FACB16 /* Engine */ = {
			isa = PBXGroup;
			children = (
				B36628F919F41EB100FACB16 /* Engine.cpp */,
				B36628FA19F41EB100FACB16 /* Engine.h */,
				B36628FB19F41EB100FACB16 /* JsonManager.cpp */,
				B36628FC19F41EB100FACB16 /* JsonManager.h */,
				B36628FD19F41EB100FACB16 /* SvgManager.cpp */,
				B36628FE19F41EB100FACB16 /* SvgManager.h */,
			);
			path = Engine;
			sourceTree = "<group>";
		};
		B36628FF19F41EB100FACB16 /* Event */ = {
			isa = PBXGroup;
			children = (
				B366290019F41EB100FACB16 /* BaseEventData.h */,
				B366290119F41EB100FACB16 /* EventManager.cpp */,
				B366290219F41EB100FACB16 /* EventManager.h */,
				B366290319F41EB100FACB16 /* EventManagerBase.cpp */,
				B366290419F41EB100FACB16 /* EventManagerBase.h */,
				B366290519F41EB100FACB16 /* FastDelegate.h */,
			);
			path = Event;
			sourceTree = "<group>";
		};
		B366290619F41EB100FACB16 /* Hardware */ = {
			isa = PBXGroup;
			children = (
				B366290719F41EB100FACB16 /* Hid */,
				B366290C19F41EB100FACB16 /* Urg */,
			);
			path = Hardware;
			sourceTree = "<group>";
		};
		B366290719F41EB100FACB16 /* Hid */ = {
			isa = PBXGroup;
			children = (
				B366290819F41EB100FACB16 /* hid.h */,
				B366290919F41EB100FACB16 /* hid_MACOSX.c */,
				B366290A19F41EB100FACB16 /* HidCommManager.cpp */,
				B366290B19F41EB100FACB16 /* HidCommManager.h */,
			);
			path = Hid;
			sourceTree = "<group>";
		};
		B366290C19F41EB100FACB16 /* Urg */ = {
			isa = PBXGroup;
			children = (
				B366290D19F41EB100FACB16 /* Urg.cpp */,
				B366290E19F41EB100FACB16 /* Urg.h */,
				B366290F19F41EB100FACB16 /* urg_library */,
			);
			path = Urg;
			sourceTree = "<group>";
		};
		B366290F19F41EB100FACB16 /* urg_library */ = {
			isa = PBXGroup;
			children = (
				B366291019F41EB100FACB16 /* include */,
			);
			path = urg_library;
			sourceTree = "<group>";
		};
		B366291019F41EB100FACB16 /* include */ = {
			isa = PBXGroup;
			children = (
				B366291119F41EB100FACB16 /* urg_connection.h */,
				B366291219F41EB100FACB16 /* urg_debug.h */,
				B366291319F41EB100FACB16 /* urg_detect_os.h */,
				B366291419F41EB100FACB16 /* urg_errno.h */,
				B366291519F41EB100FACB16 /* urg_ring_buffer.h */,
				B366291619F41EB100FACB16 /* urg_sensor.h */,
				B366291719F41EB100FACB16 /* urg_serial.h */,
				B366291819F41EB100FACB16 /* urg_serial_utils.h */,
				B366291919F41EB100FACB16 /* urg_tcpclient.h */,
				B366291A19F41EB100FACB16 /* urg_utils.h */,
			);
			path = include;
			sourceTree = "<group>";
		};
		B366291B19F41EB100FACB16 /* Interaction */ = {
			isa = PBXGroup;
			children = (
				B366291C19F41EB100FACB16 /* InteractionDebugRenderable.cpp */,
				B366291D19F41EB100FACB16 /* InteractionDebugRenderable.h */,
				B366291E19F41EB100FACB16 /* InteractionEvents.cpp */,
				B366291F19F41EB100FACB16 /* InteractionEvents.h */,
				B366292019F41EB100FACB16 /* InteractionZones.cpp */,
				B366292119F41EB100FACB16 /* InteractionZones.h */,
			);
			path = Interaction;
			sourceTree = "<group>";
		};
		B366292219F41EB100FACB16 /* Kiosk */ = {
			isa = PBXGroup;
			children = (
				B366292319F41EB100FACB16 /* InfoDisplay.cpp */,
				B366292419F41EB100FACB16 /* InfoDisplay.h */,
				B366292519F41EB100FACB16 /* Kiosk.cpp */,
				B366292619F41EB100FACB16 /* Kiosk.h */,
			);
			path = Kiosk;
			sourceTree = "<group>";
		};
		B366292719F41EB100FACB16 /* Render */ = {
			isa = PBXGroup;
			children = (
				B366292819F41EB100FACB16 /* Renderable.cpp */,
				B366292919F41EB100FACB16 /* Renderable.h */,
				B366292A19F41EB100FACB16 /* Renderer.cpp */,
				B366292B19F41EB100FACB16 /* Renderer.h */,
				B366292C19F41EB100FACB16 /* Transformation.h */,
			);
			path = Render;
			sourceTree = "<group>";
		};
/* End PBXGroup section */

/* Begin PBXNativeTarget section */
		8D1107260486CEB800E47090 /* ProjectionTestApp */ = {
			isa = PBXNativeTarget;
			buildConfigurationList = C01FCF4A08A954540054247B /* Build configuration list for PBXNativeTarget "ProjectionTestApp" */;
			buildPhases = (
				8D1107290486CEB800E47090 /* Resources */,
				8D11072C0486CEB800E47090 /* Sources */,
				8D11072E0486CEB800E47090 /* Frameworks */,
			);
			buildRules = (
			);
			dependencies = (
			);
			name = ProjectionTestApp;
			productInstallPath = "$(HOME)/Applications";
			productName = ProjectionTestApp;
			productReference = 8D1107320486CEB800E47090 /* ProjectionTestApp.app */;
			productType = "com.apple.product-type.application";
		};
/* End PBXNativeTarget section */

/* Begin PBXProject section */
		29B97313FDCFA39411CA2CEA /* Project object */ = {
			isa = PBXProject;
			attributes = {
			};
			buildConfigurationList = C01FCF4E08A954540054247B /* Build configuration list for PBXProject "ProjectionTestApp" */;
			compatibilityVersion = "Xcode 3.2";
			developmentRegion = English;
			hasScannedForEncodings = 1;
			knownRegions = (
				English,
				Japanese,
				French,
				German,
			);
			mainGroup = 29B97314FDCFA39411CA2CEA /* ProjectionTestApp */;
			projectDirPath = "";
			projectRoot = "";
			targets = (
				8D1107260486CEB800E47090 /* ProjectionTestApp */,
			);
		};
/* End PBXProject section */

/* Begin PBXResourcesBuildPhase section */
		8D1107290486CEB800E47090 /* Resources */ = {
			isa = PBXResourcesBuildPhase;
			buildActionMask = 2147483647;
			files = (
				693162F4CD7B4EF5B9A3B565 /* CinderApp.icns in Resources */,
			);
			runOnlyForDeploymentPostprocessing = 0;
		};
/* End PBXResourcesBuildPhase section */

/* Begin PBXSourcesBuildPhase section */
		8D11072C0486CEB800E47090 /* Sources */ = {
			isa = PBXSourcesBuildPhase;
			buildActionMask = 2147483647;
			files = (
				B366293919F41EB100FACB16 /* InfoDisplay.cpp in Sources */,
				B366293119F41EB100FACB16 /* EventManager.cpp in Sources */,
				B366293019F41EB100FACB16 /* SvgManager.cpp in Sources */,
				B366293B19F41EB100FACB16 /* Renderable.cpp in Sources */,
				B366292D19F41EB100FACB16 /* Common.cpp in Sources */,
				B366292F19F41EB100FACB16 /* JsonManager.cpp in Sources */,
				B366293519F41EB100FACB16 /* Urg.cpp in Sources */,
				B366293C19F41EB100FACB16 /* Renderer.cpp in Sources */,
				B366293619F41EB100FACB16 /* InteractionDebugRenderable.cpp in Sources */,
				B366293319F41EB100FACB16 /* hid_MACOSX.c in Sources */,
				B366293419F41EB100FACB16 /* HidCommManager.cpp in Sources */,
				B366293219F41EB100FACB16 /* EventManagerBase.cpp in Sources */,
				B366292E19F41EB100FACB16 /* Engine.cpp in Sources */,
				B366293A19F41EB100FACB16 /* Kiosk.cpp in Sources */,
				23F8A0B774C4440486EDF46C /* ProjectionTestAppApp.cpp in Sources */,
				B366293819F41EB100FACB16 /* InteractionZones.cpp in Sources */,
				B366293719F41EB100FACB16 /* InteractionEvents.cpp in Sources */,
			);
			runOnlyForDeploymentPostprocessing = 0;
		};
/* End PBXSourcesBuildPhase section */

/* Begin XCBuildConfiguration section */
		C01FCF4B08A954540054247B /* Debug */ = {
			isa = XCBuildConfiguration;
			buildSettings = {
				COMBINE_HIDPI_IMAGES = YES;
				COPY_PHASE_STRIP = NO;
				DEAD_CODE_STRIPPING = YES;
				GCC_DYNAMIC_NO_PIC = NO;
				GCC_INLINES_ARE_PRIVATE_EXTERN = YES;
				GCC_OPTIMIZATION_LEVEL = 0;
				GCC_PRECOMPILE_PREFIX_HEADER = YES;
				GCC_PREFIX_HEADER = ProjectionTestApp_Prefix.pch;
				GCC_PREPROCESSOR_DEFINITIONS = (
					"DEBUG=1",
					"$(inherited)",
				);
				GCC_SYMBOLS_PRIVATE_EXTERN = NO;
				INFOPLIST_FILE = Info.plist;
				INSTALL_PATH = "$(HOME)/Applications";
				OTHER_LDFLAGS = (
					"\"$(CINDER_PATH)/lib/libcinder_d.a\"",
					"\"$(CINDER_PATH)/../urg_library-1.0.4/src/liburg_c.a\"",
				);
				PRODUCT_NAME = ProjectionTestApp;
				SYMROOT = ./build;
				WRAPPER_EXTENSION = app;
			};
			name = Debug;
		};
		C01FCF4C08A954540054247B /* Release */ = {
			isa = XCBuildConfiguration;
			buildSettings = {
				COMBINE_HIDPI_IMAGES = YES;
				DEAD_CODE_STRIPPING = YES;
				DEBUG_INFORMATION_FORMAT = "dwarf-with-dsym";
				GCC_FAST_MATH = YES;
				GCC_GENERATE_DEBUGGING_SYMBOLS = NO;
				GCC_INLINES_ARE_PRIVATE_EXTERN = YES;
				GCC_OPTIMIZATION_LEVEL = 3;
				GCC_PRECOMPILE_PREFIX_HEADER = YES;
				GCC_PREFIX_HEADER = ProjectionTestApp_Prefix.pch;
				GCC_PREPROCESSOR_DEFINITIONS = (
					"NDEBUG=1",
					"$(inherited)",
				);
				GCC_SYMBOLS_PRIVATE_EXTERN = NO;
				INFOPLIST_FILE = Info.plist;
				INSTALL_PATH = "$(HOME)/Applications";
				OTHER_LDFLAGS = (
					"\"$(CINDER_PATH)/lib/libcinder.a\"",
					"\"$(CINDER_PATH)/../urg_library-1.0.4/src/liburg_c.a\"",
				);
				PRODUCT_NAME = ProjectionTestApp;
				STRIP_INSTALLED_PRODUCT = YES;
				SYMROOT = ./build;
				WRAPPER_EXTENSION = app;
			};
			name = Release;
		};
		C01FCF4F08A954540054247B /* Debug */ = {
			isa = XCBuildConfiguration;
			buildSettings = {
				ALWAYS_SEARCH_USER_PATHS = NO;
				ARCHS = x86_64;
				CINDER_PATH = ../../../HeartBeat_Cinder;
				CLANG_CXX_LANGUAGE_STANDARD = "c++0x";
				CLANG_CXX_LIBRARY = "libc++";
				GCC_WARN_ABOUT_RETURN_TYPE = YES;
				GCC_WARN_UNUSED_VARIABLE = YES;
				HEADER_SEARCH_PATHS = "\"$(CINDER_PATH)/boost\"";
				MACOSX_DEPLOYMENT_TARGET = 10.8;
				SDKROOT = macosx;
				USER_HEADER_SEARCH_PATHS = "\"$(CINDER_PATH)/include\" ../include";
			};
			name = Debug;
		};
		C01FCF5008A954540054247B /* Release */ = {
			isa = XCBuildConfiguration;
			buildSettings = {
				ALWAYS_SEARCH_USER_PATHS = NO;
				ARCHS = x86_64;
				CINDER_PATH = ../../../HeartBeat_Cinder;
				CLANG_CXX_LANGUAGE_STANDARD = "c++0x";
				CLANG_CXX_LIBRARY = "libc++";
				GCC_WARN_ABOUT_RETURN_TYPE = YES;
				GCC_WARN_UNUSED_VARIABLE = YES;
				HEADER_SEARCH_PATHS = "\"$(CINDER_PATH)/boost\"";
				MACOSX_DEPLOYMENT_TARGET = 10.8;
				SDKROOT = macosx;
				USER_HEADER_SEARCH_PATHS = "\"$(CINDER_PATH)/include\" ../include";
			};
			name = Release;
		};
/* End XCBuildConfiguration section */

/* Begin XCConfigurationList section */
		C01FCF4A08A954540054247B /* Build configuration list for PBXNativeTarget "ProjectionTestApp" */ = {
			isa = XCConfigurationList;
			buildConfigurations = (
				C01FCF4B08A954540054247B /* Debug */,
				C01FCF4C08A954540054247B /* Release */,
			);
			defaultConfigurationIsVisible = 0;
			defaultConfigurationName = Release;
		};
		C01FCF4E08A954540054247B /* Build configuration list for PBXProject "ProjectionTestApp" */ = {
			isa = XCConfigurationList;
			buildConfigurations = (
				C01FCF4F08A954540054247B /* Debug */,
				C01FCF5008A954540054247B /* Release */,
			);
			defaultConfigurationIsVisible = 0;
			defaultConfigurationName = Release;
		};
/* End XCConfigurationList section */
	};
	rootObject = 29B97313FDCFA39411CA2CEA /* Project object */;
}
