// !$*UTF8*$!
{
	archiveVersion = 1;
	classes = {
	};
	objectVersion = 46;
	objects = {

/* Begin PBXBuildFile section */
		006D720419952D00008149E2 /* AVFoundation.framework in Frameworks */ = {isa = PBXBuildFile; fileRef = 006D720219952D00008149E2 /* AVFoundation.framework */; };
		006D720519952D00008149E2 /* CoreMedia.framework in Frameworks */ = {isa = PBXBuildFile; fileRef = 006D720319952D00008149E2 /* CoreMedia.framework */; };
		0091D8F90E81B9330029341E /* OpenGL.framework in Frameworks */ = {isa = PBXBuildFile; fileRef = 0091D8F80E81B9330029341E /* OpenGL.framework */; };
		00B784B30FF439BC000DE1D7 /* Accelerate.framework in Frameworks */ = {isa = PBXBuildFile; fileRef = 00B784AF0FF439BC000DE1D7 /* Accelerate.framework */; };
		00B784B40FF439BC000DE1D7 /* AudioToolbox.framework in Frameworks */ = {isa = PBXBuildFile; fileRef = 00B784B00FF439BC000DE1D7 /* AudioToolbox.framework */; };
		00B784B50FF439BC000DE1D7 /* AudioUnit.framework in Frameworks */ = {isa = PBXBuildFile; fileRef = 00B784B10FF439BC000DE1D7 /* AudioUnit.framework */; };
		00B784B60FF439BC000DE1D7 /* CoreAudio.framework in Frameworks */ = {isa = PBXBuildFile; fileRef = 00B784B20FF439BC000DE1D7 /* CoreAudio.framework */; };
		0BF3F2B6EFAC410F8740E3CB /* LibUrgTestApp.cpp in Sources */ = {isa = PBXBuildFile; fileRef = E414B57297DE4A9FA454A05B /* LibUrgTestApp.cpp */; };
		5323E6B20EAFCA74003A9687 /* CoreVideo.framework in Frameworks */ = {isa = PBXBuildFile; fileRef = 5323E6B10EAFCA74003A9687 /* CoreVideo.framework */; };
		5323E6B60EAFCA7E003A9687 /* QTKit.framework in Frameworks */ = {isa = PBXBuildFile; fileRef = 5323E6B50EAFCA7E003A9687 /* QTKit.framework */; };
		85731CB805E14CD3942832A4 /* CinderApp.icns in Resources */ = {isa = PBXBuildFile; fileRef = 08D43FC7CA9648AB90AF0897 /* CinderApp.icns */; };
		8D11072F0486CEB800E47090 /* Cocoa.framework in Frameworks */ = {isa = PBXBuildFile; fileRef = 1058C7A1FEA54F0111CA2CBB /* Cocoa.framework */; };
		B3274BBF19FDBF40007B4348 /* Common.cpp in Sources */ = {isa = PBXBuildFile; fileRef = B3274B7319FDBF40007B4348 /* Common.cpp */; };
		B3274BC019FDBF40007B4348 /* Engine.cpp in Sources */ = {isa = PBXBuildFile; fileRef = B3274B7619FDBF40007B4348 /* Engine.cpp */; };
		B3274BC119FDBF40007B4348 /* JsonManager.cpp in Sources */ = {isa = PBXBuildFile; fileRef = B3274B7819FDBF40007B4348 /* JsonManager.cpp */; };
		B3274BC219FDBF40007B4348 /* SvgManager.cpp in Sources */ = {isa = PBXBuildFile; fileRef = B3274B7A19FDBF40007B4348 /* SvgManager.cpp */; };
		B3274BC319FDBF40007B4348 /* EventManager.cpp in Sources */ = {isa = PBXBuildFile; fileRef = B3274B7E19FDBF40007B4348 /* EventManager.cpp */; };
		B3274BC419FDBF40007B4348 /* EventManagerBase.cpp in Sources */ = {isa = PBXBuildFile; fileRef = B3274B8019FDBF40007B4348 /* EventManagerBase.cpp */; };
		B3274BC519FDBF40007B4348 /* hid_MACOSX.c in Sources */ = {isa = PBXBuildFile; fileRef = B3274B8619FDBF40007B4348 /* hid_MACOSX.c */; };
		B3274BC619FDBF40007B4348 /* HidCommManager.cpp in Sources */ = {isa = PBXBuildFile; fileRef = B3274B8719FDBF40007B4348 /* HidCommManager.cpp */; };
		B3274BC719FDBF40007B4348 /* Urg.cpp in Sources */ = {isa = PBXBuildFile; fileRef = B3274B8A19FDBF40007B4348 /* Urg.cpp */; };
		B3274BC819FDBF40007B4348 /* InteractionDebugRenderable.cpp in Sources */ = {isa = PBXBuildFile; fileRef = B3274B9919FDBF40007B4348 /* InteractionDebugRenderable.cpp */; };
		B3274BC919FDBF40007B4348 /* InteractionEvents.cpp in Sources */ = {isa = PBXBuildFile; fileRef = B3274B9B19FDBF40007B4348 /* InteractionEvents.cpp */; };
		B3274BCA19FDBF40007B4348 /* InteractionZones.cpp in Sources */ = {isa = PBXBuildFile; fileRef = B3274B9D19FDBF40007B4348 /* InteractionZones.cpp */; };
		B3274BCB19FDBF40007B4348 /* Button.cpp in Sources */ = {isa = PBXBuildFile; fileRef = B3274BA019FDBF40007B4348 /* Button.cpp */; };
		B3274BCC19FDBF40007B4348 /* ButtonTypes.cpp in Sources */ = {isa = PBXBuildFile; fileRef = B3274BA219FDBF40007B4348 /* ButtonTypes.cpp */; };
		B3274BCD19FDBF40007B4348 /* DisplayState.cpp in Sources */ = {isa = PBXBuildFile; fileRef = B3274BA419FDBF40007B4348 /* DisplayState.cpp */; };
		B3274BCE19FDBF40007B4348 /* InfoDisplay.cpp in Sources */ = {isa = PBXBuildFile; fileRef = B3274BA619FDBF40007B4348 /* InfoDisplay.cpp */; };
		B3274BCF19FDBF40007B4348 /* KioskManager.cpp in Sources */ = {isa = PBXBuildFile; fileRef = B3274BA819FDBF40007B4348 /* KioskManager.cpp */; };
		B3274BD019FDBF40007B4348 /* Page.cpp in Sources */ = {isa = PBXBuildFile; fileRef = B3274BAB19FDBF40007B4348 /* Page.cpp */; };
		B3274BD119FDBF40007B4348 /* PageTypes.cpp in Sources */ = {isa = PBXBuildFile; fileRef = B3274BAD19FDBF40007B4348 /* PageTypes.cpp */; };
		B3274BD219FDBF40007B4348 /* Fish.cpp in Sources */ = {isa = PBXBuildFile; fileRef = B3274BB019FDBF40007B4348 /* Fish.cpp */; };
		B3274BD319FDBF40007B4348 /* Pond.cpp in Sources */ = {isa = PBXBuildFile; fileRef = B3274BB219FDBF40007B4348 /* Pond.cpp */; };
		B3274BD419FDBF40007B4348 /* PondElement.cpp in Sources */ = {isa = PBXBuildFile; fileRef = B3274BB419FDBF40007B4348 /* PondElement.cpp */; };
		B3274BD519FDBF40007B4348 /* PrimitivePondElement.cpp in Sources */ = {isa = PBXBuildFile; fileRef = B3274BB619FDBF40007B4348 /* PrimitivePondElement.cpp */; };
		B3274BD619FDBF40007B4348 /* Renderable.cpp in Sources */ = {isa = PBXBuildFile; fileRef = B3274BB819FDBF40007B4348 /* Renderable.cpp */; };
		B3274BD719FDBF40007B4348 /* Renderer.cpp in Sources */ = {isa = PBXBuildFile; fileRef = B3274BBA19FDBF40007B4348 /* Renderer.cpp */; };
		B3274BD819FDBF40007B4348 /* SpringMesh.cpp in Sources */ = {isa = PBXBuildFile; fileRef = B3274BBC19FDBF40007B4348 /* SpringMesh.cpp */; };
/* End PBXBuildFile section */

/* Begin PBXFileReference section */
		006D720219952D00008149E2 /* AVFoundation.framework */ = {isa = PBXFileReference; lastKnownFileType = wrapper.framework; name = AVFoundation.framework; path = System/Library/Frameworks/AVFoundation.framework; sourceTree = SDKROOT; };
		006D720319952D00008149E2 /* CoreMedia.framework */ = {isa = PBXFileReference; lastKnownFileType = wrapper.framework; name = CoreMedia.framework; path = System/Library/Frameworks/CoreMedia.framework; sourceTree = SDKROOT; };
		0091D8F80E81B9330029341E /* OpenGL.framework */ = {isa = PBXFileReference; lastKnownFileType = wrapper.framework; name = OpenGL.framework; path = /System/Library/Frameworks/OpenGL.framework; sourceTree = "<absolute>"; };
		00B784AF0FF439BC000DE1D7 /* Accelerate.framework */ = {isa = PBXFileReference; lastKnownFileType = wrapper.framework; name = Accelerate.framework; path = System/Library/Frameworks/Accelerate.framework; sourceTree = SDKROOT; };
		00B784B00FF439BC000DE1D7 /* AudioToolbox.framework */ = {isa = PBXFileReference; lastKnownFileType = wrapper.framework; name = AudioToolbox.framework; path = System/Library/Frameworks/AudioToolbox.framework; sourceTree = SDKROOT; };
		00B784B10FF439BC000DE1D7 /* AudioUnit.framework */ = {isa = PBXFileReference; lastKnownFileType = wrapper.framework; name = AudioUnit.framework; path = System/Library/Frameworks/AudioUnit.framework; sourceTree = SDKROOT; };
		00B784B20FF439BC000DE1D7 /* CoreAudio.framework */ = {isa = PBXFileReference; lastKnownFileType = wrapper.framework; name = CoreAudio.framework; path = System/Library/Frameworks/CoreAudio.framework; sourceTree = SDKROOT; };
		08D43FC7CA9648AB90AF0897 /* CinderApp.icns */ = {isa = PBXFileReference; lastKnownFileType = image.icns; name = CinderApp.icns; path = ../resources/CinderApp.icns; sourceTree = "<group>"; };
		1058C7A1FEA54F0111CA2CBB /* Cocoa.framework */ = {isa = PBXFileReference; lastKnownFileType = wrapper.framework; name = Cocoa.framework; path = /System/Library/Frameworks/Cocoa.framework; sourceTree = "<absolute>"; };
		1DCEB7F6E9744BE19D601956 /* LibUrgTest_Prefix.pch */ = {isa = PBXFileReference; lastKnownFileType = "\"\""; path = LibUrgTest_Prefix.pch; sourceTree = "<group>"; };
		29B97324FDCFA39411CA2CEA /* AppKit.framework */ = {isa = PBXFileReference; lastKnownFileType = wrapper.framework; name = AppKit.framework; path = /System/Library/Frameworks/AppKit.framework; sourceTree = "<absolute>"; };
		29B97325FDCFA39411CA2CEA /* Foundation.framework */ = {isa = PBXFileReference; lastKnownFileType = wrapper.framework; name = Foundation.framework; path = /System/Library/Frameworks/Foundation.framework; sourceTree = "<absolute>"; };
		3B8DC8D184454AD29FBD9FF0 /* Resources.h */ = {isa = PBXFileReference; lastKnownFileType = sourcecode.c.h; name = Resources.h; path = ../include/Resources.h; sourceTree = "<group>"; };
		5323E6B10EAFCA74003A9687 /* CoreVideo.framework */ = {isa = PBXFileReference; lastKnownFileType = wrapper.framework; name = CoreVideo.framework; path = /System/Library/Frameworks/CoreVideo.framework; sourceTree = "<absolute>"; };
		5323E6B50EAFCA7E003A9687 /* QTKit.framework */ = {isa = PBXFileReference; lastKnownFileType = wrapper.framework; name = QTKit.framework; path = /System/Library/Frameworks/QTKit.framework; sourceTree = "<absolute>"; };
		8D1107320486CEB800E47090 /* LibUrgTest.app */ = {isa = PBXFileReference; explicitFileType = wrapper.application; includeInIndex = 0; path = LibUrgTest.app; sourceTree = BUILT_PRODUCTS_DIR; };
		B3274B7319FDBF40007B4348 /* Common.cpp */ = {isa = PBXFileReference; fileEncoding = 4; lastKnownFileType = sourcecode.cpp.cpp; path = Common.cpp; sourceTree = "<group>"; };
		B3274B7419FDBF40007B4348 /* Common.h */ = {isa = PBXFileReference; fileEncoding = 4; lastKnownFileType = sourcecode.c.h; path = Common.h; sourceTree = "<group>"; };
		B3274B7619FDBF40007B4348 /* Engine.cpp */ = {isa = PBXFileReference; fileEncoding = 4; lastKnownFileType = sourcecode.cpp.cpp; path = Engine.cpp; sourceTree = "<group>"; };
		B3274B7719FDBF40007B4348 /* Engine.h */ = {isa = PBXFileReference; fileEncoding = 4; lastKnownFileType = sourcecode.c.h; path = Engine.h; sourceTree = "<group>"; };
		B3274B7819FDBF40007B4348 /* JsonManager.cpp */ = {isa = PBXFileReference; fileEncoding = 4; lastKnownFileType = sourcecode.cpp.cpp; path = JsonManager.cpp; sourceTree = "<group>"; };
		B3274B7919FDBF40007B4348 /* JsonManager.h */ = {isa = PBXFileReference; fileEncoding = 4; lastKnownFileType = sourcecode.c.h; path = JsonManager.h; sourceTree = "<group>"; };
		B3274B7A19FDBF40007B4348 /* SvgManager.cpp */ = {isa = PBXFileReference; fileEncoding = 4; lastKnownFileType = sourcecode.cpp.cpp; path = SvgManager.cpp; sourceTree = "<group>"; };
		B3274B7B19FDBF40007B4348 /* SvgManager.h */ = {isa = PBXFileReference; fileEncoding = 4; lastKnownFileType = sourcecode.c.h; path = SvgManager.h; sourceTree = "<group>"; };
		B3274B7D19FDBF40007B4348 /* BaseEventData.h */ = {isa = PBXFileReference; fileEncoding = 4; lastKnownFileType = sourcecode.c.h; path = BaseEventData.h; sourceTree = "<group>"; };
		B3274B7E19FDBF40007B4348 /* EventManager.cpp */ = {isa = PBXFileReference; fileEncoding = 4; lastKnownFileType = sourcecode.cpp.cpp; path = EventManager.cpp; sourceTree = "<group>"; };
		B3274B7F19FDBF40007B4348 /* EventManager.h */ = {isa = PBXFileReference; fileEncoding = 4; lastKnownFileType = sourcecode.c.h; path = EventManager.h; sourceTree = "<group>"; };
		B3274B8019FDBF40007B4348 /* EventManagerBase.cpp */ = {isa = PBXFileReference; fileEncoding = 4; lastKnownFileType = sourcecode.cpp.cpp; path = EventManagerBase.cpp; sourceTree = "<group>"; };
		B3274B8119FDBF40007B4348 /* EventManagerBase.h */ = {isa = PBXFileReference; fileEncoding = 4; lastKnownFileType = sourcecode.c.h; path = EventManagerBase.h; sourceTree = "<group>"; };
		B3274B8219FDBF40007B4348 /* FastDelegate.h */ = {isa = PBXFileReference; fileEncoding = 4; lastKnownFileType = sourcecode.c.h; path = FastDelegate.h; sourceTree = "<group>"; };
		B3274B8519FDBF40007B4348 /* hid.h */ = {isa = PBXFileReference; fileEncoding = 4; lastKnownFileType = sourcecode.c.h; path = hid.h; sourceTree = "<group>"; };
		B3274B8619FDBF40007B4348 /* hid_MACOSX.c */ = {isa = PBXFileReference; fileEncoding = 4; lastKnownFileType = sourcecode.c.c; path = hid_MACOSX.c; sourceTree = "<group>"; };
		B3274B8719FDBF40007B4348 /* HidCommManager.cpp */ = {isa = PBXFileReference; fileEncoding = 4; lastKnownFileType = sourcecode.cpp.cpp; path = HidCommManager.cpp; sourceTree = "<group>"; };
		B3274B8819FDBF40007B4348 /* HidCommManager.h */ = {isa = PBXFileReference; fileEncoding = 4; lastKnownFileType = sourcecode.c.h; path = HidCommManager.h; sourceTree = "<group>"; };
		B3274B8A19FDBF40007B4348 /* Urg.cpp */ = {isa = PBXFileReference; fileEncoding = 4; lastKnownFileType = sourcecode.cpp.cpp; path = Urg.cpp; sourceTree = "<group>"; };
		B3274B8B19FDBF40007B4348 /* Urg.h */ = {isa = PBXFileReference; fileEncoding = 4; lastKnownFileType = sourcecode.c.h; path = Urg.h; sourceTree = "<group>"; };
		B3274B8E19FDBF40007B4348 /* urg_connection.h */ = {isa = PBXFileReference; fileEncoding = 4; lastKnownFileType = sourcecode.c.h; path = urg_connection.h; sourceTree = "<group>"; };
		B3274B8F19FDBF40007B4348 /* urg_debug.h */ = {isa = PBXFileReference; fileEncoding = 4; lastKnownFileType = sourcecode.c.h; path = urg_debug.h; sourceTree = "<group>"; };
		B3274B9019FDBF40007B4348 /* urg_detect_os.h */ = {isa = PBXFileReference; fileEncoding = 4; lastKnownFileType = sourcecode.c.h; path = urg_detect_os.h; sourceTree = "<group>"; };
		B3274B9119FDBF40007B4348 /* urg_errno.h */ = {isa = PBXFileReference; fileEncoding = 4; lastKnownFileType = sourcecode.c.h; path = urg_errno.h; sourceTree = "<group>"; };
		B3274B9219FDBF40007B4348 /* urg_ring_buffer.h */ = {isa = PBXFileReference; fileEncoding = 4; lastKnownFileType = sourcecode.c.h; path = urg_ring_buffer.h; sourceTree = "<group>"; };
		B3274B9319FDBF40007B4348 /* urg_sensor.h */ = {isa = PBXFileReference; fileEncoding = 4; lastKnownFileType = sourcecode.c.h; path = urg_sensor.h; sourceTree = "<group>"; };
		B3274B9419FDBF40007B4348 /* urg_serial.h */ = {isa = PBXFileReference; fileEncoding = 4; lastKnownFileType = sourcecode.c.h; path = urg_serial.h; sourceTree = "<group>"; };
		B3274B9519FDBF40007B4348 /* urg_serial_utils.h */ = {isa = PBXFileReference; fileEncoding = 4; lastKnownFileType = sourcecode.c.h; path = urg_serial_utils.h; sourceTree = "<group>"; };
		B3274B9619FDBF40007B4348 /* urg_tcpclient.h */ = {isa = PBXFileReference; fileEncoding = 4; lastKnownFileType = sourcecode.c.h; path = urg_tcpclient.h; sourceTree = "<group>"; };
		B3274B9719FDBF40007B4348 /* urg_utils.h */ = {isa = PBXFileReference; fileEncoding = 4; lastKnownFileType = sourcecode.c.h; path = urg_utils.h; sourceTree = "<group>"; };
		B3274B9919FDBF40007B4348 /* InteractionDebugRenderable.cpp */ = {isa = PBXFileReference; fileEncoding = 4; lastKnownFileType = sourcecode.cpp.cpp; path = InteractionDebugRenderable.cpp; sourceTree = "<group>"; };
		B3274B9A19FDBF40007B4348 /* InteractionDebugRenderable.h */ = {isa = PBXFileReference; fileEncoding = 4; lastKnownFileType = sourcecode.c.h; path = InteractionDebugRenderable.h; sourceTree = "<group>"; };
		B3274B9B19FDBF40007B4348 /* InteractionEvents.cpp */ = {isa = PBXFileReference; fileEncoding = 4; lastKnownFileType = sourcecode.cpp.cpp; path = InteractionEvents.cpp; sourceTree = "<group>"; };
		B3274B9C19FDBF40007B4348 /* InteractionEvents.h */ = {isa = PBXFileReference; fileEncoding = 4; lastKnownFileType = sourcecode.c.h; path = InteractionEvents.h; sourceTree = "<group>"; };
		B3274B9D19FDBF40007B4348 /* InteractionZones.cpp */ = {isa = PBXFileReference; fileEncoding = 4; lastKnownFileType = sourcecode.cpp.cpp; path = InteractionZones.cpp; sourceTree = "<group>"; };
		B3274B9E19FDBF40007B4348 /* InteractionZones.h */ = {isa = PBXFileReference; fileEncoding = 4; lastKnownFileType = sourcecode.c.h; path = InteractionZones.h; sourceTree = "<group>"; };
		B3274BA019FDBF40007B4348 /* Button.cpp */ = {isa = PBXFileReference; fileEncoding = 4; lastKnownFileType = sourcecode.cpp.cpp; path = Button.cpp; sourceTree = "<group>"; };
		B3274BA119FDBF40007B4348 /* Button.h */ = {isa = PBXFileReference; fileEncoding = 4; lastKnownFileType = sourcecode.c.h; path = Button.h; sourceTree = "<group>"; };
		B3274BA219FDBF40007B4348 /* ButtonTypes.cpp */ = {isa = PBXFileReference; fileEncoding = 4; lastKnownFileType = sourcecode.cpp.cpp; path = ButtonTypes.cpp; sourceTree = "<group>"; };
		B3274BA319FDBF40007B4348 /* ButtonTypes.h */ = {isa = PBXFileReference; fileEncoding = 4; lastKnownFileType = sourcecode.c.h; path = ButtonTypes.h; sourceTree = "<group>"; };
		B3274BA419FDBF40007B4348 /* DisplayState.cpp */ = {isa = PBXFileReference; fileEncoding = 4; lastKnownFileType = sourcecode.cpp.cpp; path = DisplayState.cpp; sourceTree = "<group>"; };
		B3274BA519FDBF40007B4348 /* DisplayState.h */ = {isa = PBXFileReference; fileEncoding = 4; lastKnownFileType = sourcecode.c.h; path = DisplayState.h; sourceTree = "<group>"; };
		B3274BA619FDBF40007B4348 /* InfoDisplay.cpp */ = {isa = PBXFileReference; fileEncoding = 4; lastKnownFileType = sourcecode.cpp.cpp; path = InfoDisplay.cpp; sourceTree = "<group>"; };
		B3274BA719FDBF40007B4348 /* InfoDisplay.h */ = {isa = PBXFileReference; fileEncoding = 4; lastKnownFileType = sourcecode.c.h; path = InfoDisplay.h; sourceTree = "<group>"; };
		B3274BA819FDBF40007B4348 /* KioskManager.cpp */ = {isa = PBXFileReference; fileEncoding = 4; lastKnownFileType = sourcecode.cpp.cpp; path = KioskManager.cpp; sourceTree = "<group>"; };
		B3274BA919FDBF40007B4348 /* KioskManager.h */ = {isa = PBXFileReference; fileEncoding = 4; lastKnownFileType = sourcecode.c.h; path = KioskManager.h; sourceTree = "<group>"; };
		B3274BAA19FDBF40007B4348 /* Node.h */ = {isa = PBXFileReference; fileEncoding = 4; lastKnownFileType = sourcecode.c.h; path = Node.h; sourceTree = "<group>"; };
		B3274BAB19FDBF40007B4348 /* Page.cpp */ = {isa = PBXFileReference; fileEncoding = 4; lastKnownFileType = sourcecode.cpp.cpp; path = Page.cpp; sourceTree = "<group>"; };
		B3274BAC19FDBF40007B4348 /* Page.h */ = {isa = PBXFileReference; fileEncoding = 4; lastKnownFileType = sourcecode.c.h; path = Page.h; sourceTree = "<group>"; };
		B3274BAD19FDBF40007B4348 /* PageTypes.cpp */ = {isa = PBXFileReference; fileEncoding = 4; lastKnownFileType = sourcecode.cpp.cpp; path = PageTypes.cpp; sourceTree = "<group>"; };
		B3274BAE19FDBF40007B4348 /* PageTypes.h */ = {isa = PBXFileReference; fileEncoding = 4; lastKnownFileType = sourcecode.c.h; path = PageTypes.h; sourceTree = "<group>"; };
		B3274BB019FDBF40007B4348 /* Fish.cpp */ = {isa = PBXFileReference; fileEncoding = 4; lastKnownFileType = sourcecode.cpp.cpp; path = Fish.cpp; sourceTree = "<group>"; };
		B3274BB119FDBF40007B4348 /* Fish.h */ = {isa = PBXFileReference; fileEncoding = 4; lastKnownFileType = sourcecode.c.h; path = Fish.h; sourceTree = "<group>"; };
		B3274BB219FDBF40007B4348 /* Pond.cpp */ = {isa = PBXFileReference; fileEncoding = 4; lastKnownFileType = sourcecode.cpp.cpp; path = Pond.cpp; sourceTree = "<group>"; };
		B3274BB319FDBF40007B4348 /* Pond.h */ = {isa = PBXFileReference; fileEncoding = 4; lastKnownFileType = sourcecode.c.h; path = Pond.h; sourceTree = "<group>"; };
		B3274BB419FDBF40007B4348 /* PondElement.cpp */ = {isa = PBXFileReference; fileEncoding = 4; lastKnownFileType = sourcecode.cpp.cpp; path = PondElement.cpp; sourceTree = "<group>"; };
		B3274BB519FDBF40007B4348 /* PondElement.h */ = {isa = PBXFileReference; fileEncoding = 4; lastKnownFileType = sourcecode.c.h; path = PondElement.h; sourceTree = "<group>"; };
		B3274BB619FDBF40007B4348 /* PrimitivePondElement.cpp */ = {isa = PBXFileReference; fileEncoding = 4; lastKnownFileType = sourcecode.cpp.cpp; path = PrimitivePondElement.cpp; sourceTree = "<group>"; };
		B3274BB719FDBF40007B4348 /* PrimitivePondElement.h */ = {isa = PBXFileReference; fileEncoding = 4; lastKnownFileType = sourcecode.c.h; path = PrimitivePondElement.h; sourceTree = "<group>"; };
		B3274BB819FDBF40007B4348 /* Renderable.cpp */ = {isa = PBXFileReference; fileEncoding = 4; lastKnownFileType = sourcecode.cpp.cpp; path = Renderable.cpp; sourceTree = "<group>"; };
		B3274BB919FDBF40007B4348 /* Renderable.h */ = {isa = PBXFileReference; fileEncoding = 4; lastKnownFileType = sourcecode.c.h; path = Renderable.h; sourceTree = "<group>"; };
		B3274BBA19FDBF40007B4348 /* Renderer.cpp */ = {isa = PBXFileReference; fileEncoding = 4; lastKnownFileType = sourcecode.cpp.cpp; path = Renderer.cpp; sourceTree = "<group>"; };
		B3274BBB19FDBF40007B4348 /* Renderer.h */ = {isa = PBXFileReference; fileEncoding = 4; lastKnownFileType = sourcecode.c.h; path = Renderer.h; sourceTree = "<group>"; };
		B3274BBC19FDBF40007B4348 /* SpringMesh.cpp */ = {isa = PBXFileReference; fileEncoding = 4; lastKnownFileType = sourcecode.cpp.cpp; path = SpringMesh.cpp; sourceTree = "<group>"; };
		B3274BBD19FDBF40007B4348 /* SpringMesh.h */ = {isa = PBXFileReference; fileEncoding = 4; lastKnownFileType = sourcecode.c.h; path = SpringMesh.h; sourceTree = "<group>"; };
		B3274BBE19FDBF40007B4348 /* Transformation.h */ = {isa = PBXFileReference; fileEncoding = 4; lastKnownFileType = sourcecode.c.h; path = Transformation.h; sourceTree = "<group>"; };
		DC2B3F0EA0C24857B34FC0D9 /* Info.plist */ = {isa = PBXFileReference; lastKnownFileType = text.plist.xml; path = Info.plist; sourceTree = "<group>"; };
		E414B57297DE4A9FA454A05B /* LibUrgTestApp.cpp */ = {isa = PBXFileReference; lastKnownFileType = sourcecode.c.cpp; name = LibUrgTestApp.cpp; path = ../src/LibUrgTestApp.cpp; sourceTree = "<group>"; };
/* End PBXFileReference section */

/* Begin PBXFrameworksBuildPhase section */
		8D11072E0486CEB800E47090 /* Frameworks */ = {
			isa = PBXFrameworksBuildPhase;
			buildActionMask = 2147483647;
			files = (
				006D720419952D00008149E2 /* AVFoundation.framework in Frameworks */,
				006D720519952D00008149E2 /* CoreMedia.framework in Frameworks */,
				8D11072F0486CEB800E47090 /* Cocoa.framework in Frameworks */,
				0091D8F90E81B9330029341E /* OpenGL.framework in Frameworks */,
				5323E6B20EAFCA74003A9687 /* CoreVideo.framework in Frameworks */,
				5323E6B60EAFCA7E003A9687 /* QTKit.framework in Frameworks */,
				00B784B30FF439BC000DE1D7 /* Accelerate.framework in Frameworks */,
				00B784B40FF439BC000DE1D7 /* AudioToolbox.framework in Frameworks */,
				00B784B50FF439BC000DE1D7 /* AudioUnit.framework in Frameworks */,
				00B784B60FF439BC000DE1D7 /* CoreAudio.framework in Frameworks */,
			);
			runOnlyForDeploymentPostprocessing = 0;
		};
/* End PBXFrameworksBuildPhase section */

/* Begin PBXGroup section */
		01B97315FEAEA392516A2CEA /* Blocks */ = {
			isa = PBXGroup;
			children = (
				B3274B7219FDBF40007B4348 /* src */,
			);
			name = Blocks;
			sourceTree = "<group>";
		};
		080E96DDFE201D6D7F000001 /* Source */ = {
			isa = PBXGroup;
			children = (
				E414B57297DE4A9FA454A05B /* LibUrgTestApp.cpp */,
			);
			name = Source;
			sourceTree = "<group>";
		};
		1058C7A0FEA54F0111CA2CBB /* Linked Frameworks */ = {
			isa = PBXGroup;
			children = (
				006D720219952D00008149E2 /* AVFoundation.framework */,
				006D720319952D00008149E2 /* CoreMedia.framework */,
				00B784AF0FF439BC000DE1D7 /* Accelerate.framework */,
				00B784B00FF439BC000DE1D7 /* AudioToolbox.framework */,
				00B784B10FF439BC000DE1D7 /* AudioUnit.framework */,
				00B784B20FF439BC000DE1D7 /* CoreAudio.framework */,
				5323E6B50EAFCA7E003A9687 /* QTKit.framework */,
				5323E6B10EAFCA74003A9687 /* CoreVideo.framework */,
				0091D8F80E81B9330029341E /* OpenGL.framework */,
				1058C7A1FEA54F0111CA2CBB /* Cocoa.framework */,
			);
			name = "Linked Frameworks";
			sourceTree = "<group>";
		};
		1058C7A2FEA54F0111CA2CBB /* Other Frameworks */ = {
			isa = PBXGroup;
			children = (
				29B97324FDCFA39411CA2CEA /* AppKit.framework */,
				29B97325FDCFA39411CA2CEA /* Foundation.framework */,
			);
			name = "Other Frameworks";
			sourceTree = "<group>";
		};
		19C28FACFE9D520D11CA2CBB /* Products */ = {
			isa = PBXGroup;
			children = (
				8D1107320486CEB800E47090 /* LibUrgTest.app */,
			);
			name = Products;
			sourceTree = "<group>";
		};
		29B97314FDCFA39411CA2CEA /* LibUrgTest */ = {
			isa = PBXGroup;
			children = (
				01B97315FEAEA392516A2CEA /* Blocks */,
				29B97315FDCFA39411CA2CEA /* Headers */,
				080E96DDFE201D6D7F000001 /* Source */,
				29B97317FDCFA39411CA2CEA /* Resources */,
				29B97323FDCFA39411CA2CEA /* Frameworks */,
				19C28FACFE9D520D11CA2CBB /* Products */,
			);
			name = LibUrgTest;
			sourceTree = "<group>";
		};
		29B97315FDCFA39411CA2CEA /* Headers */ = {
			isa = PBXGroup;
			children = (
				3B8DC8D184454AD29FBD9FF0 /* Resources.h */,
				1DCEB7F6E9744BE19D601956 /* LibUrgTest_Prefix.pch */,
			);
			name = Headers;
			sourceTree = "<group>";
		};
		29B97317FDCFA39411CA2CEA /* Resources */ = {
			isa = PBXGroup;
			children = (
				08D43FC7CA9648AB90AF0897 /* CinderApp.icns */,
				DC2B3F0EA0C24857B34FC0D9 /* Info.plist */,
			);
			name = Resources;
			sourceTree = "<group>";
		};
		29B97323FDCFA39411CA2CEA /* Frameworks */ = {
			isa = PBXGroup;
			children = (
				1058C7A0FEA54F0111CA2CBB /* Linked Frameworks */,
				1058C7A2FEA54F0111CA2CBB /* Other Frameworks */,
			);
			name = Frameworks;
			sourceTree = "<group>";
		};
		B3274B7219FDBF40007B4348 /* src */ = {
			isa = PBXGroup;
			children = (
				B3274B7319FDBF40007B4348 /* Common.cpp */,
				B3274B7419FDBF40007B4348 /* Common.h */,
				B3274B7519FDBF40007B4348 /* Engine */,
				B3274B7C19FDBF40007B4348 /* Event */,
				B3274B8319FDBF40007B4348 /* Hardware */,
				B3274B9819FDBF40007B4348 /* Interaction */,
				B3274B9F19FDBF40007B4348 /* Kiosk */,
				B3274BAF19FDBF40007B4348 /* Render */,
			);
			name = src;
			path = ../../../src;
			sourceTree = "<group>";
		};
		B3274B7519FDBF40007B4348 /* Engine */ = {
			isa = PBXGroup;
			children = (
				B3274B7619FDBF40007B4348 /* Engine.cpp */,
				B3274B7719FDBF40007B4348 /* Engine.h */,
				B3274B7819FDBF40007B4348 /* JsonManager.cpp */,
				B3274B7919FDBF40007B4348 /* JsonManager.h */,
				B3274B7A19FDBF40007B4348 /* SvgManager.cpp */,
				B3274B7B19FDBF40007B4348 /* SvgManager.h */,
			);
			path = Engine;
			sourceTree = "<group>";
		};
		B3274B7C19FDBF40007B4348 /* Event */ = {
			isa = PBXGroup;
			children = (
				B3274B7D19FDBF40007B4348 /* BaseEventData.h */,
				B3274B7E19FDBF40007B4348 /* EventManager.cpp */,
				B3274B7F19FDBF40007B4348 /* EventManager.h */,
				B3274B8019FDBF40007B4348 /* EventManagerBase.cpp */,
				B3274B8119FDBF40007B4348 /* EventManagerBase.h */,
				B3274B8219FDBF40007B4348 /* FastDelegate.h */,
			);
			path = Event;
			sourceTree = "<group>";
		};
		B3274B8319FDBF40007B4348 /* Hardware */ = {
			isa = PBXGroup;
			children = (
				B3274B8419FDBF40007B4348 /* Hid */,
				B3274B8919FDBF40007B4348 /* Urg */,
			);
			path = Hardware;
			sourceTree = "<group>";
		};
		B3274B8419FDBF40007B4348 /* Hid */ = {
			isa = PBXGroup;
			children = (
				B3274B8519FDBF40007B4348 /* hid.h */,
				B3274B8619FDBF40007B4348 /* hid_MACOSX.c */,
				B3274B8719FDBF40007B4348 /* HidCommManager.cpp */,
				B3274B8819FDBF40007B4348 /* HidCommManager.h */,
			);
			path = Hid;
			sourceTree = "<group>";
		};
		B3274B8919FDBF40007B4348 /* Urg */ = {
			isa = PBXGroup;
			children = (
				B3274B8A19FDBF40007B4348 /* Urg.cpp */,
				B3274B8B19FDBF40007B4348 /* Urg.h */,
				B3274B8C19FDBF40007B4348 /* urg_library */,
			);
			path = Urg;
			sourceTree = "<group>";
		};
		B3274B8C19FDBF40007B4348 /* urg_library */ = {
			isa = PBXGroup;
			children = (
				B3274B8D19FDBF40007B4348 /* include */,
			);
			path = urg_library;
			sourceTree = "<group>";
		};
		B3274B8D19FDBF40007B4348 /* include */ = {
			isa = PBXGroup;
			children = (
				B3274B8E19FDBF40007B4348 /* urg_connection.h */,
				B3274B8F19FDBF40007B4348 /* urg_debug.h */,
				B3274B9019FDBF40007B4348 /* urg_detect_os.h */,
				B3274B9119FDBF40007B4348 /* urg_errno.h */,
				B3274B9219FDBF40007B4348 /* urg_ring_buffer.h */,
				B3274B9319FDBF40007B4348 /* urg_sensor.h */,
				B3274B9419FDBF40007B4348 /* urg_serial.h */,
				B3274B9519FDBF40007B4348 /* urg_serial_utils.h */,
				B3274B9619FDBF40007B4348 /* urg_tcpclient.h */,
				B3274B9719FDBF40007B4348 /* urg_utils.h */,
			);
			path = include;
			sourceTree = "<group>";
		};
		B3274B9819FDBF40007B4348 /* Interaction */ = {
			isa = PBXGroup;
			children = (
				B3274B9919FDBF40007B4348 /* InteractionDebugRenderable.cpp */,
				B3274B9A19FDBF40007B4348 /* InteractionDebugRenderable.h */,
				B3274B9B19FDBF40007B4348 /* InteractionEvents.cpp */,
				B3274B9C19FDBF40007B4348 /* InteractionEvents.h */,
				B3274B9D19FDBF40007B4348 /* InteractionZones.cpp */,
				B3274B9E19FDBF40007B4348 /* InteractionZones.h */,
			);
			path = Interaction;
			sourceTree = "<group>";
		};
		B3274B9F19FDBF40007B4348 /* Kiosk */ = {
			isa = PBXGroup;
			children = (
				B3274BA019FDBF40007B4348 /* Button.cpp */,
				B3274BA119FDBF40007B4348 /* Button.h */,
				B3274BA219FDBF40007B4348 /* ButtonTypes.cpp */,
				B3274BA319FDBF40007B4348 /* ButtonTypes.h */,
				B3274BA419FDBF40007B4348 /* DisplayState.cpp */,
				B3274BA519FDBF40007B4348 /* DisplayState.h */,
				B3274BA619FDBF40007B4348 /* InfoDisplay.cpp */,
				B3274BA719FDBF40007B4348 /* InfoDisplay.h */,
				B3274BA819FDBF40007B4348 /* KioskManager.cpp */,
				B3274BA919FDBF40007B4348 /* KioskManager.h */,
				B3274BAA19FDBF40007B4348 /* Node.h */,
				B3274BAB19FDBF40007B4348 /* Page.cpp */,
				B3274BAC19FDBF40007B4348 /* Page.h */,
				B3274BAD19FDBF40007B4348 /* PageTypes.cpp */,
				B3274BAE19FDBF40007B4348 /* PageTypes.h */,
			);
			path = Kiosk;
			sourceTree = "<group>";
		};
		B3274BAF19FDBF40007B4348 /* Render */ = {
			isa = PBXGroup;
			children = (
				B3274BB019FDBF40007B4348 /* Fish.cpp */,
				B3274BB119FDBF40007B4348 /* Fish.h */,
				B3274BB219FDBF40007B4348 /* Pond.cpp */,
				B3274BB319FDBF40007B4348 /* Pond.h */,
				B3274BB419FDBF40007B4348 /* PondElement.cpp */,
				B3274BB519FDBF40007B4348 /* PondElement.h */,
				B3274BB619FDBF40007B4348 /* PrimitivePondElement.cpp */,
				B3274BB719FDBF40007B4348 /* PrimitivePondElement.h */,
				B3274BB819FDBF40007B4348 /* Renderable.cpp */,
				B3274BB919FDBF40007B4348 /* Renderable.h */,
				B3274BBA19FDBF40007B4348 /* Renderer.cpp */,
				B3274BBB19FDBF40007B4348 /* Renderer.h */,
				B3274BBC19FDBF40007B4348 /* SpringMesh.cpp */,
				B3274BBD19FDBF40007B4348 /* SpringMesh.h */,
				B3274BBE19FDBF40007B4348 /* Transformation.h */,
			);
			path = Render;
			sourceTree = "<group>";
		};
/* End PBXGroup section */

/* Begin PBXNativeTarget section */
		8D1107260486CEB800E47090 /* LibUrgTest */ = {
			isa = PBXNativeTarget;
			buildConfigurationList = C01FCF4A08A954540054247B /* Build configuration list for PBXNativeTarget "LibUrgTest" */;
			buildPhases = (
				8D1107290486CEB800E47090 /* Resources */,
				8D11072C0486CEB800E47090 /* Sources */,
				8D11072E0486CEB800E47090 /* Frameworks */,
			);
			buildRules = (
			);
			dependencies = (
			);
			name = LibUrgTest;
			productInstallPath = "$(HOME)/Applications";
			productName = LibUrgTest;
			productReference = 8D1107320486CEB800E47090 /* LibUrgTest.app */;
			productType = "com.apple.product-type.application";
		};
/* End PBXNativeTarget section */

/* Begin PBXProject section */
		29B97313FDCFA39411CA2CEA /* Project object */ = {
			isa = PBXProject;
			attributes = {
			};
			buildConfigurationList = C01FCF4E08A954540054247B /* Build configuration list for PBXProject "LibUrgTest" */;
			compatibilityVersion = "Xcode 3.2";
			developmentRegion = English;
			hasScannedForEncodings = 1;
			knownRegions = (
				English,
				Japanese,
				French,
				German,
			);
			mainGroup = 29B97314FDCFA39411CA2CEA /* LibUrgTest */;
			projectDirPath = "";
			projectRoot = "";
			targets = (
				8D1107260486CEB800E47090 /* LibUrgTest */,
			);
		};
/* End PBXProject section */

/* Begin PBXResourcesBuildPhase section */
		8D1107290486CEB800E47090 /* Resources */ = {
			isa = PBXResourcesBuildPhase;
			buildActionMask = 2147483647;
			files = (
				85731CB805E14CD3942832A4 /* CinderApp.icns in Resources */,
			);
			runOnlyForDeploymentPostprocessing = 0;
		};
/* End PBXResourcesBuildPhase section */

/* Begin PBXSourcesBuildPhase section */
		8D11072C0486CEB800E47090 /* Sources */ = {
			isa = PBXSourcesBuildPhase;
			buildActionMask = 2147483647;
			files = (
				B3274BC319FDBF40007B4348 /* EventManager.cpp in Sources */,
				B3274BC219FDBF40007B4348 /* SvgManager.cpp in Sources */,
				B3274BBF19FDBF40007B4348 /* Common.cpp in Sources */,
				B3274BCB19FDBF40007B4348 /* Button.cpp in Sources */,
				B3274BC119FDBF40007B4348 /* JsonManager.cpp in Sources */,
				B3274BCF19FDBF40007B4348 /* KioskManager.cpp in Sources */,
				B3274BD719FDBF40007B4348 /* Renderer.cpp in Sources */,
				B3274BCE19FDBF40007B4348 /* InfoDisplay.cpp in Sources */,
				B3274BC719FDBF40007B4348 /* Urg.cpp in Sources */,
				B3274BD119FDBF40007B4348 /* PageTypes.cpp in Sources */,
				B3274BCC19FDBF40007B4348 /* ButtonTypes.cpp in Sources */,
				B3274BC819FDBF40007B4348 /* InteractionDebugRenderable.cpp in Sources */,
				B3274BCD19FDBF40007B4348 /* DisplayState.cpp in Sources */,
				B3274BD619FDBF40007B4348 /* Renderable.cpp in Sources */,
				B3274BD019FDBF40007B4348 /* Page.cpp in Sources */,
				B3274BC519FDBF40007B4348 /* hid_MACOSX.c in Sources */,
				B3274BD419FDBF40007B4348 /* PondElement.cpp in Sources */,
				B3274BC619FDBF40007B4348 /* HidCommManager.cpp in Sources */,
				B3274BC419FDBF40007B4348 /* EventManagerBase.cpp in Sources */,
				B3274BC019FDBF40007B4348 /* Engine.cpp in Sources */,
				0BF3F2B6EFAC410F8740E3CB /* LibUrgTestApp.cpp in Sources */,
				B3274BD319FDBF40007B4348 /* Pond.cpp in Sources */,
				B3274BD219FDBF40007B4348 /* Fish.cpp in Sources */,
				B3274BD819FDBF40007B4348 /* SpringMesh.cpp in Sources */,
				B3274BD519FDBF40007B4348 /* PrimitivePondElement.cpp in Sources */,
				B3274BCA19FDBF40007B4348 /* InteractionZones.cpp in Sources */,
				B3274BC919FDBF40007B4348 /* InteractionEvents.cpp in Sources */,
			);
			runOnlyForDeploymentPostprocessing = 0;
		};
/* End PBXSourcesBuildPhase section */

/* Begin XCBuildConfiguration section */
		C01FCF4B08A954540054247B /* Debug */ = {
			isa = XCBuildConfiguration;
			buildSettings = {
				COMBINE_HIDPI_IMAGES = YES;
				COPY_PHASE_STRIP = NO;
				DEAD_CODE_STRIPPING = YES;
				GCC_DYNAMIC_NO_PIC = NO;
				GCC_INLINES_ARE_PRIVATE_EXTERN = YES;
				GCC_OPTIMIZATION_LEVEL = 0;
				GCC_PRECOMPILE_PREFIX_HEADER = YES;
				GCC_PREFIX_HEADER = LibUrgTest_Prefix.pch;
				GCC_PREPROCESSOR_DEFINITIONS = (
					"DEBUG=1",
					"$(inherited)",
				);
				GCC_SYMBOLS_PRIVATE_EXTERN = NO;
				INFOPLIST_FILE = Info.plist;
				INSTALL_PATH = "$(HOME)/Applications";
				OTHER_LDFLAGS = (
					"\"$(CINDER_PATH)/lib/libcinder_d.a\"",
					"$(CINDER_PATH)/../urg_library-1.0.4/src/liburg_c.a",
				);
				PRODUCT_NAME = LibUrgTest;
				SYMROOT = ./build;
				WRAPPER_EXTENSION = app;
			};
			name = Debug;
		};
		C01FCF4C08A954540054247B /* Release */ = {
			isa = XCBuildConfiguration;
			buildSettings = {
				COMBINE_HIDPI_IMAGES = YES;
				DEAD_CODE_STRIPPING = YES;
				DEBUG_INFORMATION_FORMAT = "dwarf-with-dsym";
				GCC_FAST_MATH = YES;
				GCC_GENERATE_DEBUGGING_SYMBOLS = NO;
				GCC_INLINES_ARE_PRIVATE_EXTERN = YES;
				GCC_OPTIMIZATION_LEVEL = 3;
				GCC_PRECOMPILE_PREFIX_HEADER = YES;
				GCC_PREFIX_HEADER = LibUrgTest_Prefix.pch;
				GCC_PREPROCESSOR_DEFINITIONS = (
					"NDEBUG=1",
					"$(inherited)",
				);
				GCC_SYMBOLS_PRIVATE_EXTERN = NO;
				INFOPLIST_FILE = Info.plist;
				INSTALL_PATH = "$(HOME)/Applications";
				OTHER_LDFLAGS = (
					"\"$(CINDER_PATH)/lib/libcinder.a\"",
					"$(CINDER_PATH)/../urg_library-1.0.4/src/liburg_c.a",
				);
				PRODUCT_NAME = LibUrgTest;
				STRIP_INSTALLED_PRODUCT = YES;
				SYMROOT = ./build;
				WRAPPER_EXTENSION = app;
			};
			name = Release;
		};
		C01FCF4F08A954540054247B /* Debug */ = {
			isa = XCBuildConfiguration;
			buildSettings = {
				ALWAYS_SEARCH_USER_PATHS = NO;
				ARCHS = x86_64;
				CINDER_PATH = ../../../HeartBeat_Cinder;
				CLANG_CXX_LANGUAGE_STANDARD = "c++0x";
				CLANG_CXX_LIBRARY = "libc++";
				GCC_WARN_ABOUT_RETURN_TYPE = YES;
				GCC_WARN_UNUSED_VARIABLE = YES;
				HEADER_SEARCH_PATHS = "\"$(CINDER_PATH)/boost\"";
				MACOSX_DEPLOYMENT_TARGET = 10.8;
				SDKROOT = macosx;
				USER_HEADER_SEARCH_PATHS = "\"$(CINDER_PATH)/include\" ../include";
			};
			name = Debug;
		};
		C01FCF5008A954540054247B /* Release */ = {
			isa = XCBuildConfiguration;
			buildSettings = {
				ALWAYS_SEARCH_USER_PATHS = NO;
				ARCHS = x86_64;
				CINDER_PATH = ../../../HeartBeat_Cinder;
				CLANG_CXX_LANGUAGE_STANDARD = "c++0x";
				CLANG_CXX_LIBRARY = "libc++";
				GCC_WARN_ABOUT_RETURN_TYPE = YES;
				GCC_WARN_UNUSED_VARIABLE = YES;
				HEADER_SEARCH_PATHS = "\"$(CINDER_PATH)/boost\"";
				MACOSX_DEPLOYMENT_TARGET = 10.8;
				SDKROOT = macosx;
				USER_HEADER_SEARCH_PATHS = "\"$(CINDER_PATH)/include\" ../include";
			};
			name = Release;
		};
/* End XCBuildConfiguration section */

/* Begin XCConfigurationList section */
		C01FCF4A08A954540054247B /* Build configuration list for PBXNativeTarget "LibUrgTest" */ = {
			isa = XCConfigurationList;
			buildConfigurations = (
				C01FCF4B08A954540054247B /* Debug */,
				C01FCF4C08A954540054247B /* Release */,
			);
			defaultConfigurationIsVisible = 0;
			defaultConfigurationName = Release;
		};
		C01FCF4E08A954540054247B /* Build configuration list for PBXProject "LibUrgTest" */ = {
			isa = XCConfigurationList;
			buildConfigurations = (
				C01FCF4F08A954540054247B /* Debug */,
				C01FCF5008A954540054247B /* Release */,
			);
			defaultConfigurationIsVisible = 0;
			defaultConfigurationName = Release;
		};
/* End XCConfigurationList section */
	};
	rootObject = 29B97313FDCFA39411CA2CEA /* Project object */;
}
