// !$*UTF8*$!
{
	archiveVersion = 1;
	classes = {
	};
	objectVersion = 46;
	objects = {

/* Begin PBXBuildFile section */
		006D720419952D00008149E2 /* AVFoundation.framework in Frameworks */ = {isa = PBXBuildFile; fileRef = 006D720219952D00008149E2 /* AVFoundation.framework */; };
		006D720519952D00008149E2 /* CoreMedia.framework in Frameworks */ = {isa = PBXBuildFile; fileRef = 006D720319952D00008149E2 /* CoreMedia.framework */; };
		0091D8F90E81B9330029341E /* OpenGL.framework in Frameworks */ = {isa = PBXBuildFile; fileRef = 0091D8F80E81B9330029341E /* OpenGL.framework */; };
		00B784B30FF439BC000DE1D7 /* Accelerate.framework in Frameworks */ = {isa = PBXBuildFile; fileRef = 00B784AF0FF439BC000DE1D7 /* Accelerate.framework */; };
		00B784B40FF439BC000DE1D7 /* AudioToolbox.framework in Frameworks */ = {isa = PBXBuildFile; fileRef = 00B784B00FF439BC000DE1D7 /* AudioToolbox.framework */; };
		00B784B50FF439BC000DE1D7 /* AudioUnit.framework in Frameworks */ = {isa = PBXBuildFile; fileRef = 00B784B10FF439BC000DE1D7 /* AudioUnit.framework */; };
		00B784B60FF439BC000DE1D7 /* CoreAudio.framework in Frameworks */ = {isa = PBXBuildFile; fileRef = 00B784B20FF439BC000DE1D7 /* CoreAudio.framework */; };
		5323E6B20EAFCA74003A9687 /* CoreVideo.framework in Frameworks */ = {isa = PBXBuildFile; fileRef = 5323E6B10EAFCA74003A9687 /* CoreVideo.framework */; };
		5323E6B60EAFCA7E003A9687 /* QTKit.framework in Frameworks */ = {isa = PBXBuildFile; fileRef = 5323E6B50EAFCA7E003A9687 /* QTKit.framework */; };
		67C4A8E4627544508DF66642 /* Cairo.cpp in Sources */ = {isa = PBXBuildFile; fileRef = 755158968C73465B85742C1C /* Cairo.cpp */; };
		87CAA1ABC6C04487B93B2D05 /* hidTestApp.cpp in Sources */ = {isa = PBXBuildFile; fileRef = C2D2553CCB5041429356492E /* hidTestApp.cpp */; };
		8D11072F0486CEB800E47090 /* Cocoa.framework in Frameworks */ = {isa = PBXBuildFile; fileRef = 1058C7A1FEA54F0111CA2CBB /* Cocoa.framework */; };
		AC07A598B2764505B24E4266 /* CinderApp.icns in Resources */ = {isa = PBXBuildFile; fileRef = B2F04FA3D8064908BA6F8BA5 /* CinderApp.icns */; };
		B3B5C26D19FC022D004BE73E /* Common.cpp in Sources */ = {isa = PBXBuildFile; fileRef = B3B5C22119FC022D004BE73E /* Common.cpp */; };
		B3B5C26E19FC022D004BE73E /* Engine.cpp in Sources */ = {isa = PBXBuildFile; fileRef = B3B5C22419FC022D004BE73E /* Engine.cpp */; };
		B3B5C26F19FC022D004BE73E /* JsonManager.cpp in Sources */ = {isa = PBXBuildFile; fileRef = B3B5C22619FC022D004BE73E /* JsonManager.cpp */; };
		B3B5C27019FC022D004BE73E /* SvgManager.cpp in Sources */ = {isa = PBXBuildFile; fileRef = B3B5C22819FC022D004BE73E /* SvgManager.cpp */; };
		B3B5C27119FC022D004BE73E /* EventManager.cpp in Sources */ = {isa = PBXBuildFile; fileRef = B3B5C22C19FC022D004BE73E /* EventManager.cpp */; };
		B3B5C27219FC022D004BE73E /* EventManagerBase.cpp in Sources */ = {isa = PBXBuildFile; fileRef = B3B5C22E19FC022D004BE73E /* EventManagerBase.cpp */; };
		B3B5C27319FC022D004BE73E /* hid_MACOSX.c in Sources */ = {isa = PBXBuildFile; fileRef = B3B5C23419FC022D004BE73E /* hid_MACOSX.c */; };
		B3B5C27419FC022D004BE73E /* HidCommManager.cpp in Sources */ = {isa = PBXBuildFile; fileRef = B3B5C23519FC022D004BE73E /* HidCommManager.cpp */; };
		B3B5C27519FC022D004BE73E /* Urg.cpp in Sources */ = {isa = PBXBuildFile; fileRef = B3B5C23819FC022D004BE73E /* Urg.cpp */; };
		B3B5C27619FC022D004BE73E /* InteractionDebugRenderable.cpp in Sources */ = {isa = PBXBuildFile; fileRef = B3B5C24719FC022D004BE73E /* InteractionDebugRenderable.cpp */; };
		B3B5C27719FC022D004BE73E /* InteractionEvents.cpp in Sources */ = {isa = PBXBuildFile; fileRef = B3B5C24919FC022D004BE73E /* InteractionEvents.cpp */; };
		B3B5C27819FC022D004BE73E /* InteractionZones.cpp in Sources */ = {isa = PBXBuildFile; fileRef = B3B5C24B19FC022D004BE73E /* InteractionZones.cpp */; };
		B3B5C27A19FC022D004BE73E /* ButtonTypes.cpp in Sources */ = {isa = PBXBuildFile; fileRef = B3B5C25019FC022D004BE73E /* ButtonTypes.cpp */; };
		B3B5C27B19FC022D004BE73E /* DisplayState.cpp in Sources */ = {isa = PBXBuildFile; fileRef = B3B5C25219FC022D004BE73E /* DisplayState.cpp */; };
		B3B5C27C19FC022D004BE73E /* InfoDisplay.cpp in Sources */ = {isa = PBXBuildFile; fileRef = B3B5C25419FC022D004BE73E /* InfoDisplay.cpp */; };
		B3B5C27D19FC022D004BE73E /* KioskManager.cpp in Sources */ = {isa = PBXBuildFile; fileRef = B3B5C25619FC022D004BE73E /* KioskManager.cpp */; };
		B3B5C27F19FC022D004BE73E /* PageTypes.cpp in Sources */ = {isa = PBXBuildFile; fileRef = B3B5C25B19FC022D004BE73E /* PageTypes.cpp */; };
		B3B5C28019FC022D004BE73E /* Fish.cpp in Sources */ = {isa = PBXBuildFile; fileRef = B3B5C25E19FC022D004BE73E /* Fish.cpp */; };
		B3B5C28119FC022D004BE73E /* Pond.cpp in Sources */ = {isa = PBXBuildFile; fileRef = B3B5C26019FC022D004BE73E /* Pond.cpp */; };
		B3B5C28219FC022D004BE73E /* PondElement.cpp in Sources */ = {isa = PBXBuildFile; fileRef = B3B5C26219FC022D004BE73E /* PondElement.cpp */; };
		B3B5C28319FC022D004BE73E /* PrimitivePondElement.cpp in Sources */ = {isa = PBXBuildFile; fileRef = B3B5C26419FC022D004BE73E /* PrimitivePondElement.cpp */; };
		B3B5C28419FC022D004BE73E /* Renderable.cpp in Sources */ = {isa = PBXBuildFile; fileRef = B3B5C26619FC022D004BE73E /* Renderable.cpp */; };
		B3B5C28519FC022D004BE73E /* Renderer.cpp in Sources */ = {isa = PBXBuildFile; fileRef = B3B5C26819FC022D004BE73E /* Renderer.cpp */; };
		B3B5C28619FC022D004BE73E /* SpringMesh.cpp in Sources */ = {isa = PBXBuildFile; fileRef = B3B5C26A19FC022D004BE73E /* SpringMesh.cpp */; };
		B3B5C28819FC0319004BE73E /* IOKit.framework in Frameworks */ = {isa = PBXBuildFile; fileRef = B3B5C28719FC0319004BE73E /* IOKit.framework */; };
/* End PBXBuildFile section */

/* Begin PBXFileReference section */
		006D720219952D00008149E2 /* AVFoundation.framework */ = {isa = PBXFileReference; lastKnownFileType = wrapper.framework; name = AVFoundation.framework; path = System/Library/Frameworks/AVFoundation.framework; sourceTree = SDKROOT; };
		006D720319952D00008149E2 /* CoreMedia.framework */ = {isa = PBXFileReference; lastKnownFileType = wrapper.framework; name = CoreMedia.framework; path = System/Library/Frameworks/CoreMedia.framework; sourceTree = SDKROOT; };
		0091D8F80E81B9330029341E /* OpenGL.framework */ = {isa = PBXFileReference; lastKnownFileType = wrapper.framework; name = OpenGL.framework; path = /System/Library/Frameworks/OpenGL.framework; sourceTree = "<absolute>"; };
		00B784AF0FF439BC000DE1D7 /* Accelerate.framework */ = {isa = PBXFileReference; lastKnownFileType = wrapper.framework; name = Accelerate.framework; path = System/Library/Frameworks/Accelerate.framework; sourceTree = SDKROOT; };
		00B784B00FF439BC000DE1D7 /* AudioToolbox.framework */ = {isa = PBXFileReference; lastKnownFileType = wrapper.framework; name = AudioToolbox.framework; path = System/Library/Frameworks/AudioToolbox.framework; sourceTree = SDKROOT; };
		00B784B10FF439BC000DE1D7 /* AudioUnit.framework */ = {isa = PBXFileReference; lastKnownFileType = wrapper.framework; name = AudioUnit.framework; path = System/Library/Frameworks/AudioUnit.framework; sourceTree = SDKROOT; };
		00B784B20FF439BC000DE1D7 /* CoreAudio.framework */ = {isa = PBXFileReference; lastKnownFileType = wrapper.framework; name = CoreAudio.framework; path = System/Library/Frameworks/CoreAudio.framework; sourceTree = SDKROOT; };
		1058C7A1FEA54F0111CA2CBB /* Cocoa.framework */ = {isa = PBXFileReference; lastKnownFileType = wrapper.framework; name = Cocoa.framework; path = /System/Library/Frameworks/Cocoa.framework; sourceTree = "<absolute>"; };
		1E313AD11737462297B09685 /* Cairo.h */ = {isa = PBXFileReference; lastKnownFileType = sourcecode.c.h; name = Cairo.h; path = ../../../HeartBeat_Cinder/blocks/Cairo/include/cinder/cairo/Cairo.h; sourceTree = "<group>"; };
		29B97324FDCFA39411CA2CEA /* AppKit.framework */ = {isa = PBXFileReference; lastKnownFileType = wrapper.framework; name = AppKit.framework; path = /System/Library/Frameworks/AppKit.framework; sourceTree = "<absolute>"; };
		29B97325FDCFA39411CA2CEA /* Foundation.framework */ = {isa = PBXFileReference; lastKnownFileType = wrapper.framework; name = Foundation.framework; path = /System/Library/Frameworks/Foundation.framework; sourceTree = "<absolute>"; };
		5323E6B10EAFCA74003A9687 /* CoreVideo.framework */ = {isa = PBXFileReference; lastKnownFileType = wrapper.framework; name = CoreVideo.framework; path = /System/Library/Frameworks/CoreVideo.framework; sourceTree = "<absolute>"; };
		5323E6B50EAFCA7E003A9687 /* QTKit.framework */ = {isa = PBXFileReference; lastKnownFileType = wrapper.framework; name = QTKit.framework; path = /System/Library/Frameworks/QTKit.framework; sourceTree = "<absolute>"; };
		6259FE163094498AA9EAF2C4 /* Info.plist */ = {isa = PBXFileReference; lastKnownFileType = text.plist.xml; path = Info.plist; sourceTree = "<group>"; };
		755158968C73465B85742C1C /* Cairo.cpp */ = {isa = PBXFileReference; lastKnownFileType = sourcecode.c.cpp; name = Cairo.cpp; path = ../../../HeartBeat_Cinder/blocks/Cairo/src/Cairo.cpp; sourceTree = "<group>"; };
		8D1107320486CEB800E47090 /* hidTest.app */ = {isa = PBXFileReference; explicitFileType = wrapper.application; includeInIndex = 0; path = hidTest.app; sourceTree = BUILT_PRODUCTS_DIR; };
		B2F04FA3D8064908BA6F8BA5 /* CinderApp.icns */ = {isa = PBXFileReference; lastKnownFileType = image.icns; name = CinderApp.icns; path = ../resources/CinderApp.icns; sourceTree = "<group>"; };
		B3B5C22119FC022D004BE73E /* Common.cpp */ = {isa = PBXFileReference; fileEncoding = 4; lastKnownFileType = sourcecode.cpp.cpp; path = Common.cpp; sourceTree = "<group>"; };
		B3B5C22219FC022D004BE73E /* Common.h */ = {isa = PBXFileReference; fileEncoding = 4; lastKnownFileType = sourcecode.c.h; path = Common.h; sourceTree = "<group>"; };
		B3B5C22419FC022D004BE73E /* Engine.cpp */ = {isa = PBXFileReference; fileEncoding = 4; lastKnownFileType = sourcecode.cpp.cpp; path = Engine.cpp; sourceTree = "<group>"; };
		B3B5C22519FC022D004BE73E /* Engine.h */ = {isa = PBXFileReference; fileEncoding = 4; lastKnownFileType = sourcecode.c.h; path = Engine.h; sourceTree = "<group>"; };
		B3B5C22619FC022D004BE73E /* JsonManager.cpp */ = {isa = PBXFileReference; fileEncoding = 4; lastKnownFileType = sourcecode.cpp.cpp; path = JsonManager.cpp; sourceTree = "<group>"; };
		B3B5C22719FC022D004BE73E /* JsonManager.h */ = {isa = PBXFileReference; fileEncoding = 4; lastKnownFileType = sourcecode.c.h; path = JsonManager.h; sourceTree = "<group>"; };
		B3B5C22819FC022D004BE73E /* SvgManager.cpp */ = {isa = PBXFileReference; fileEncoding = 4; lastKnownFileType = sourcecode.cpp.cpp; path = SvgManager.cpp; sourceTree = "<group>"; };
		B3B5C22919FC022D004BE73E /* SvgManager.h */ = {isa = PBXFileReference; fileEncoding = 4; lastKnownFileType = sourcecode.c.h; path = SvgManager.h; sourceTree = "<group>"; };
		B3B5C22B19FC022D004BE73E /* BaseEventData.h */ = {isa = PBXFileReference; fileEncoding = 4; lastKnownFileType = sourcecode.c.h; path = BaseEventData.h; sourceTree = "<group>"; };
		B3B5C22C19FC022D004BE73E /* EventManager.cpp */ = {isa = PBXFileReference; fileEncoding = 4; lastKnownFileType = sourcecode.cpp.cpp; path = EventManager.cpp; sourceTree = "<group>"; };
		B3B5C22D19FC022D004BE73E /* EventManager.h */ = {isa = PBXFileReference; fileEncoding = 4; lastKnownFileType = sourcecode.c.h; path = EventManager.h; sourceTree = "<group>"; };
		B3B5C22E19FC022D004BE73E /* EventManagerBase.cpp */ = {isa = PBXFileReference; fileEncoding = 4; lastKnownFileType = sourcecode.cpp.cpp; path = EventManagerBase.cpp; sourceTree = "<group>"; };
		B3B5C22F19FC022D004BE73E /* EventManagerBase.h */ = {isa = PBXFileReference; fileEncoding = 4; lastKnownFileType = sourcecode.c.h; path = EventManagerBase.h; sourceTree = "<group>"; };
		B3B5C23019FC022D004BE73E /* FastDelegate.h */ = {isa = PBXFileReference; fileEncoding = 4; lastKnownFileType = sourcecode.c.h; path = FastDelegate.h; sourceTree = "<group>"; };
		B3B5C23319FC022D004BE73E /* hid.h */ = {isa = PBXFileReference; fileEncoding = 4; lastKnownFileType = sourcecode.c.h; path = hid.h; sourceTree = "<group>"; };
		B3B5C23419FC022D004BE73E /* hid_MACOSX.c */ = {isa = PBXFileReference; fileEncoding = 4; lastKnownFileType = sourcecode.c.c; path = hid_MACOSX.c; sourceTree = "<group>"; };
		B3B5C23519FC022D004BE73E /* HidCommManager.cpp */ = {isa = PBXFileReference; fileEncoding = 4; lastKnownFileType = sourcecode.cpp.cpp; path = HidCommManager.cpp; sourceTree = "<group>"; };
		B3B5C23619FC022D004BE73E /* HidCommManager.h */ = {isa = PBXFileReference; fileEncoding = 4; lastKnownFileType = sourcecode.c.h; path = HidCommManager.h; sourceTree = "<group>"; };
		B3B5C23819FC022D004BE73E /* Urg.cpp */ = {isa = PBXFileReference; fileEncoding = 4; lastKnownFileType = sourcecode.cpp.cpp; path = Urg.cpp; sourceTree = "<group>"; };
		B3B5C23919FC022D004BE73E /* Urg.h */ = {isa = PBXFileReference; fileEncoding = 4; lastKnownFileType = sourcecode.c.h; path = Urg.h; sourceTree = "<group>"; };
		B3B5C23C19FC022D004BE73E /* urg_connection.h */ = {isa = PBXFileReference; fileEncoding = 4; lastKnownFileType = sourcecode.c.h; path = urg_connection.h; sourceTree = "<group>"; };
		B3B5C23D19FC022D004BE73E /* urg_debug.h */ = {isa = PBXFileReference; fileEncoding = 4; lastKnownFileType = sourcecode.c.h; path = urg_debug.h; sourceTree = "<group>"; };
		B3B5C23E19FC022D004BE73E /* urg_detect_os.h */ = {isa = PBXFileReference; fileEncoding = 4; lastKnownFileType = sourcecode.c.h; path = urg_detect_os.h; sourceTree = "<group>"; };
		B3B5C23F19FC022D004BE73E /* urg_errno.h */ = {isa = PBXFileReference; fileEncoding = 4; lastKnownFileType = sourcecode.c.h; path = urg_errno.h; sourceTree = "<group>"; };
		B3B5C24019FC022D004BE73E /* urg_ring_buffer.h */ = {isa = PBXFileReference; fileEncoding = 4; lastKnownFileType = sourcecode.c.h; path = urg_ring_buffer.h; sourceTree = "<group>"; };
		B3B5C24119FC022D004BE73E /* urg_sensor.h */ = {isa = PBXFileReference; fileEncoding = 4; lastKnownFileType = sourcecode.c.h; path = urg_sensor.h; sourceTree = "<group>"; };
		B3B5C24219FC022D004BE73E /* urg_serial.h */ = {isa = PBXFileReference; fileEncoding = 4; lastKnownFileType = sourcecode.c.h; path = urg_serial.h; sourceTree = "<group>"; };
		B3B5C24319FC022D004BE73E /* urg_serial_utils.h */ = {isa = PBXFileReference; fileEncoding = 4; lastKnownFileType = sourcecode.c.h; path = urg_serial_utils.h; sourceTree = "<group>"; };
		B3B5C24419FC022D004BE73E /* urg_tcpclient.h */ = {isa = PBXFileReference; fileEncoding = 4; lastKnownFileType = sourcecode.c.h; path = urg_tcpclient.h; sourceTree = "<group>"; };
		B3B5C24519FC022D004BE73E /* urg_utils.h */ = {isa = PBXFileReference; fileEncoding = 4; lastKnownFileType = sourcecode.c.h; path = urg_utils.h; sourceTree = "<group>"; };
		B3B5C24719FC022D004BE73E /* InteractionDebugRenderable.cpp */ = {isa = PBXFileReference; fileEncoding = 4; lastKnownFileType = sourcecode.cpp.cpp; path = InteractionDebugRenderable.cpp; sourceTree = "<group>"; };
		B3B5C24819FC022D004BE73E /* InteractionDebugRenderable.h */ = {isa = PBXFileReference; fileEncoding = 4; lastKnownFileType = sourcecode.c.h; path = InteractionDebugRenderable.h; sourceTree = "<group>"; };
		B3B5C24919FC022D004BE73E /* InteractionEvents.cpp */ = {isa = PBXFileReference; fileEncoding = 4; lastKnownFileType = sourcecode.cpp.cpp; path = InteractionEvents.cpp; sourceTree = "<group>"; };
		B3B5C24A19FC022D004BE73E /* InteractionEvents.h */ = {isa = PBXFileReference; fileEncoding = 4; lastKnownFileType = sourcecode.c.h; path = InteractionEvents.h; sourceTree = "<group>"; };
		B3B5C24B19FC022D004BE73E /* InteractionZones.cpp */ = {isa = PBXFileReference; fileEncoding = 4; lastKnownFileType = sourcecode.cpp.cpp; path = InteractionZones.cpp; sourceTree = "<group>"; };
		B3B5C24C19FC022D004BE73E /* InteractionZones.h */ = {isa = PBXFileReference; fileEncoding = 4; lastKnownFileType = sourcecode.c.h; path = InteractionZones.h; sourceTree = "<group>"; };
		B3B5C25019FC022D004BE73E /* ButtonTypes.cpp */ = {isa = PBXFileReference; fileEncoding = 4; lastKnownFileType = sourcecode.cpp.cpp; path = ButtonTypes.cpp; sourceTree = "<group>"; };
		B3B5C25119FC022D004BE73E /* ButtonTypes.h */ = {isa = PBXFileReference; fileEncoding = 4; lastKnownFileType = sourcecode.c.h; path = ButtonTypes.h; sourceTree = "<group>"; };
		B3B5C25219FC022D004BE73E /* DisplayState.cpp */ = {isa = PBXFileReference; fileEncoding = 4; lastKnownFileType = sourcecode.cpp.cpp; path = DisplayState.cpp; sourceTree = "<group>"; };
		B3B5C25319FC022D004BE73E /* DisplayState.h */ = {isa = PBXFileReference; fileEncoding = 4; lastKnownFileType = sourcecode.c.h; path = DisplayState.h; sourceTree = "<group>"; };
		B3B5C25419FC022D004BE73E /* InfoDisplay.cpp */ = {isa = PBXFileReference; fileEncoding = 4; lastKnownFileType = sourcecode.cpp.cpp; path = InfoDisplay.cpp; sourceTree = "<group>"; };
		B3B5C25519FC022D004BE73E /* InfoDisplay.h */ = {isa = PBXFileReference; fileEncoding = 4; lastKnownFileType = sourcecode.c.h; path = InfoDisplay.h; sourceTree = "<group>"; };
		B3B5C25619FC022D004BE73E /* KioskManager.cpp */ = {isa = PBXFileReference; fileEncoding = 4; lastKnownFileType = sourcecode.cpp.cpp; path = KioskManager.cpp; sourceTree = "<group>"; };
		B3B5C25719FC022D004BE73E /* KioskManager.h */ = {isa = PBXFileReference; fileEncoding = 4; lastKnownFileType = sourcecode.c.h; path = KioskManager.h; sourceTree = "<group>"; };
		B3B5C25819FC022D004BE73E /* Node.h */ = {isa = PBXFileReference; fileEncoding = 4; lastKnownFileType = sourcecode.c.h; path = Node.h; sourceTree = "<group>"; };
		B3B5C25B19FC022D004BE73E /* PageTypes.cpp */ = {isa = PBXFileReference; fileEncoding = 4; lastKnownFileType = sourcecode.cpp.cpp; path = PageTypes.cpp; sourceTree = "<group>"; };
		B3B5C25C19FC022D004BE73E /* PageTypes.h */ = {isa = PBXFileReference; fileEncoding = 4; lastKnownFileType = sourcecode.c.h; path = PageTypes.h; sourceTree = "<group>"; };
		B3B5C25E19FC022D004BE73E /* Fish.cpp */ = {isa = PBXFileReference; fileEncoding = 4; lastKnownFileType = sourcecode.cpp.cpp; path = Fish.cpp; sourceTree = "<group>"; };
		B3B5C25F19FC022D004BE73E /* Fish.h */ = {isa = PBXFileReference; fileEncoding = 4; lastKnownFileType = sourcecode.c.h; path = Fish.h; sourceTree = "<group>"; };
		B3B5C26019FC022D004BE73E /* Pond.cpp */ = {isa = PBXFileReference; fileEncoding = 4; lastKnownFileType = sourcecode.cpp.cpp; path = Pond.cpp; sourceTree = "<group>"; };
		B3B5C26119FC022D004BE73E /* Pond.h */ = {isa = PBXFileReference; fileEncoding = 4; lastKnownFileType = sourcecode.c.h; path = Pond.h; sourceTree = "<group>"; };
		B3B5C26219FC022D004BE73E /* PondElement.cpp */ = {isa = PBXFileReference; fileEncoding = 4; lastKnownFileType = sourcecode.cpp.cpp; path = PondElement.cpp; sourceTree = "<group>"; };
		B3B5C26319FC022D004BE73E /* PondElement.h */ = {isa = PBXFileReference; fileEncoding = 4; lastKnownFileType = sourcecode.c.h; path = PondElement.h; sourceTree = "<group>"; };
		B3B5C26419FC022D004BE73E /* PrimitivePondElement.cpp */ = {isa = PBXFileReference; fileEncoding = 4; lastKnownFileType = sourcecode.cpp.cpp; path = PrimitivePondElement.cpp; sourceTree = "<group>"; };
		B3B5C26519FC022D004BE73E /* PrimitivePondElement.h */ = {isa = PBXFileReference; fileEncoding = 4; lastKnownFileType = sourcecode.c.h; path = PrimitivePondElement.h; sourceTree = "<group>"; };
		B3B5C26619FC022D004BE73E /* Renderable.cpp */ = {isa = PBXFileReference; fileEncoding = 4; lastKnownFileType = sourcecode.cpp.cpp; path = Renderable.cpp; sourceTree = "<group>"; };
		B3B5C26719FC022D004BE73E /* Renderable.h */ = {isa = PBXFileReference; fileEncoding = 4; lastKnownFileType = sourcecode.c.h; path = Renderable.h; sourceTree = "<group>"; };
		B3B5C26819FC022D004BE73E /* Renderer.cpp */ = {isa = PBXFileReference; fileEncoding = 4; lastKnownFileType = sourcecode.cpp.cpp; path = Renderer.cpp; sourceTree = "<group>"; };
		B3B5C26919FC022D004BE73E /* Renderer.h */ = {isa = PBXFileReference; fileEncoding = 4; lastKnownFileType = sourcecode.c.h; path = Renderer.h; sourceTree = "<group>"; };
		B3B5C26A19FC022D004BE73E /* SpringMesh.cpp */ = {isa = PBXFileReference; fileEncoding = 4; lastKnownFileType = sourcecode.cpp.cpp; path = SpringMesh.cpp; sourceTree = "<group>"; };
		B3B5C26B19FC022D004BE73E /* SpringMesh.h */ = {isa = PBXFileReference; fileEncoding = 4; lastKnownFileType = sourcecode.c.h; path = SpringMesh.h; sourceTree = "<group>"; };
		B3B5C26C19FC022D004BE73E /* Transformation.h */ = {isa = PBXFileReference; fileEncoding = 4; lastKnownFileType = sourcecode.c.h; path = Transformation.h; sourceTree = "<group>"; };
		B3B5C28719FC0319004BE73E /* IOKit.framework */ = {isa = PBXFileReference; lastKnownFileType = wrapper.framework; name = IOKit.framework; path = System/Library/Frameworks/IOKit.framework; sourceTree = SDKROOT; };
		C2D2553CCB5041429356492E /* hidTestApp.cpp */ = {isa = PBXFileReference; lastKnownFileType = sourcecode.c.cpp; name = hidTestApp.cpp; path = ../src/hidTestApp.cpp; sourceTree = "<group>"; };
		D2082A3F267745058980842E /* Resources.h */ = {isa = PBXFileReference; lastKnownFileType = sourcecode.c.h; name = Resources.h; path = ../include/Resources.h; sourceTree = "<group>"; };
		F3D2A4C1E1244891815E5105 /* hidTest_Prefix.pch */ = {isa = PBXFileReference; lastKnownFileType = "\"\""; path = hidTest_Prefix.pch; sourceTree = "<group>"; };
/* End PBXFileReference section */

/* Begin PBXFrameworksBuildPhase section */
		8D11072E0486CEB800E47090 /* Frameworks */ = {
			isa = PBXFrameworksBuildPhase;
			buildActionMask = 2147483647;
			files = (
				B3B5C28819FC0319004BE73E /* IOKit.framework in Frameworks */,
				006D720419952D00008149E2 /* AVFoundation.framework in Frameworks */,
				006D720519952D00008149E2 /* CoreMedia.framework in Frameworks */,
				8D11072F0486CEB800E47090 /* Cocoa.framework in Frameworks */,
				0091D8F90E81B9330029341E /* OpenGL.framework in Frameworks */,
				5323E6B20EAFCA74003A9687 /* CoreVideo.framework in Frameworks */,
				5323E6B60EAFCA7E003A9687 /* QTKit.framework in Frameworks */,
				00B784B30FF439BC000DE1D7 /* Accelerate.framework in Frameworks */,
				00B784B40FF439BC000DE1D7 /* AudioToolbox.framework in Frameworks */,
				00B784B50FF439BC000DE1D7 /* AudioUnit.framework in Frameworks */,
				00B784B60FF439BC000DE1D7 /* CoreAudio.framework in Frameworks */,
			);
			runOnlyForDeploymentPostprocessing = 0;
		};
/* End PBXFrameworksBuildPhase section */

/* Begin PBXGroup section */
		01B97315FEAEA392516A2CEA /* Blocks */ = {
			isa = PBXGroup;
			children = (
				B3B5C22019FC022D004BE73E /* src */,
				9C505DE4964D411A8DED260D /* Cairo */,
			);
			name = Blocks;
			sourceTree = "<group>";
		};
		080E96DDFE201D6D7F000001 /* Source */ = {
			isa = PBXGroup;
			children = (
				C2D2553CCB5041429356492E /* hidTestApp.cpp */,
			);
			name = Source;
			sourceTree = "<group>";
		};
		1058C7A0FEA54F0111CA2CBB /* Linked Frameworks */ = {
			isa = PBXGroup;
			children = (
				006D720219952D00008149E2 /* AVFoundation.framework */,
				006D720319952D00008149E2 /* CoreMedia.framework */,
				00B784AF0FF439BC000DE1D7 /* Accelerate.framework */,
				00B784B00FF439BC000DE1D7 /* AudioToolbox.framework */,
				00B784B10FF439BC000DE1D7 /* AudioUnit.framework */,
				00B784B20FF439BC000DE1D7 /* CoreAudio.framework */,
				5323E6B50EAFCA7E003A9687 /* QTKit.framework */,
				5323E6B10EAFCA74003A9687 /* CoreVideo.framework */,
				0091D8F80E81B9330029341E /* OpenGL.framework */,
				1058C7A1FEA54F0111CA2CBB /* Cocoa.framework */,
			);
			name = "Linked Frameworks";
			sourceTree = "<group>";
		};
		1058C7A2FEA54F0111CA2CBB /* Other Frameworks */ = {
			isa = PBXGroup;
			children = (
				29B97324FDCFA39411CA2CEA /* AppKit.framework */,
				29B97325FDCFA39411CA2CEA /* Foundation.framework */,
			);
			name = "Other Frameworks";
			sourceTree = "<group>";
		};
		19C28FACFE9D520D11CA2CBB /* Products */ = {
			isa = PBXGroup;
			children = (
				8D1107320486CEB800E47090 /* hidTest.app */,
			);
			name = Products;
			sourceTree = "<group>";
		};
		1C53A08983AE4F6F97BF69CA /* src */ = {
			isa = PBXGroup;
			children = (
				755158968C73465B85742C1C /* Cairo.cpp */,
			);
			name = src;
			sourceTree = "<group>";
		};
		29B97314FDCFA39411CA2CEA /* hidTest */ = {
			isa = PBXGroup;
			children = (
				01B97315FEAEA392516A2CEA /* Blocks */,
				29B97315FDCFA39411CA2CEA /* Headers */,
				080E96DDFE201D6D7F000001 /* Source */,
				29B97317FDCFA39411CA2CEA /* Resources */,
				29B97323FDCFA39411CA2CEA /* Frameworks */,
				19C28FACFE9D520D11CA2CBB /* Products */,
			);
			name = hidTest;
			sourceTree = "<group>";
		};
		29B97315FDCFA39411CA2CEA /* Headers */ = {
			isa = PBXGroup;
			children = (
				D2082A3F267745058980842E /* Resources.h */,
				F3D2A4C1E1244891815E5105 /* hidTest_Prefix.pch */,
			);
			name = Headers;
			sourceTree = "<group>";
		};
		29B97317FDCFA39411CA2CEA /* Resources */ = {
			isa = PBXGroup;
			children = (
				B2F04FA3D8064908BA6F8BA5 /* CinderApp.icns */,
				6259FE163094498AA9EAF2C4 /* Info.plist */,
			);
			name = Resources;
			sourceTree = "<group>";
		};
		29B97323FDCFA39411CA2CEA /* Frameworks */ = {
			isa = PBXGroup;
			children = (
				B3B5C28719FC0319004BE73E /* IOKit.framework */,
				1058C7A0FEA54F0111CA2CBB /* Linked Frameworks */,
				1058C7A2FEA54F0111CA2CBB /* Other Frameworks */,
			);
			name = Frameworks;
			sourceTree = "<group>";
		};
		57ECADC4BDA44E648AB7FC62 /* cinder */ = {
			isa = PBXGroup;
			children = (
				F8DD8F5DAC774485B7306DB9 /* cairo */,
			);
			name = cinder;
			sourceTree = "<group>";
		};
		6848E84DBBA44933B6D9C1AF /* include */ = {
			isa = PBXGroup;
			children = (
				57ECADC4BDA44E648AB7FC62 /* cinder */,
			);
			name = include;
			sourceTree = "<group>";
		};
		9C505DE4964D411A8DED260D /* Cairo */ = {
			isa = PBXGroup;
			children = (
				1C53A08983AE4F6F97BF69CA /* src */,
				6848E84DBBA44933B6D9C1AF /* include */,
			);
			name = Cairo;
			sourceTree = "<group>";
		};
		B3B5C22019FC022D004BE73E /* src */ = {
			isa = PBXGroup;
			children = (
				B3B5C22119FC022D004BE73E /* Common.cpp */,
				B3B5C22219FC022D004BE73E /* Common.h */,
				B3B5C22319FC022D004BE73E /* Engine */,
				B3B5C22A19FC022D004BE73E /* Event */,
				B3B5C23119FC022D004BE73E /* Hardware */,
				B3B5C24619FC022D004BE73E /* Interaction */,
				B3B5C24D19FC022D004BE73E /* Kiosk */,
				B3B5C25D19FC022D004BE73E /* Render */,
			);
			name = src;
			path = ../../../src;
			sourceTree = "<group>";
		};
		B3B5C22319FC022D004BE73E /* Engine */ = {
			isa = PBXGroup;
			children = (
				B3B5C22419FC022D004BE73E /* Engine.cpp */,
				B3B5C22519FC022D004BE73E /* Engine.h */,
				B3B5C22619FC022D004BE73E /* JsonManager.cpp */,
				B3B5C22719FC022D004BE73E /* JsonManager.h */,
				B3B5C22819FC022D004BE73E /* SvgManager.cpp */,
				B3B5C22919FC022D004BE73E /* SvgManager.h */,
			);
			path = Engine;
			sourceTree = "<group>";
		};
		B3B5C22A19FC022D004BE73E /* Event */ = {
			isa = PBXGroup;
			children = (
				B3B5C22B19FC022D004BE73E /* BaseEventData.h */,
				B3B5C22C19FC022D004BE73E /* EventManager.cpp */,
				B3B5C22D19FC022D004BE73E /* EventManager.h */,
				B3B5C22E19FC022D004BE73E /* EventManagerBase.cpp */,
				B3B5C22F19FC022D004BE73E /* EventManagerBase.h */,
				B3B5C23019FC022D004BE73E /* FastDelegate.h */,
			);
			path = Event;
			sourceTree = "<group>";
		};
		B3B5C23119FC022D004BE73E /* Hardware */ = {
			isa = PBXGroup;
			children = (
				B3B5C23219FC022D004BE73E /* Hid */,
				B3B5C23719FC022D004BE73E /* Urg */,
			);
			path = Hardware;
			sourceTree = "<group>";
		};
		B3B5C23219FC022D004BE73E /* Hid */ = {
			isa = PBXGroup;
			children = (
				B3B5C23319FC022D004BE73E /* hid.h */,
				B3B5C23419FC022D004BE73E /* hid_MACOSX.c */,
				B3B5C23519FC022D004BE73E /* HidCommManager.cpp */,
				B3B5C23619FC022D004BE73E /* HidCommManager.h */,
			);
			path = Hid;
			sourceTree = "<group>";
		};
		B3B5C23719FC022D004BE73E /* Urg */ = {
			isa = PBXGroup;
			children = (
				B3B5C23819FC022D004BE73E /* Urg.cpp */,
				B3B5C23919FC022D004BE73E /* Urg.h */,
				B3B5C23A19FC022D004BE73E /* urg_library */,
			);
			path = Urg;
			sourceTree = "<group>";
		};
		B3B5C23A19FC022D004BE73E /* urg_library */ = {
			isa = PBXGroup;
			children = (
				B3B5C23B19FC022D004BE73E /* include */,
			);
			path = urg_library;
			sourceTree = "<group>";
		};
		B3B5C23B19FC022D004BE73E /* include */ = {
			isa = PBXGroup;
			children = (
				B3B5C23C19FC022D004BE73E /* urg_connection.h */,
				B3B5C23D19FC022D004BE73E /* urg_debug.h */,
				B3B5C23E19FC022D004BE73E /* urg_detect_os.h */,
				B3B5C23F19FC022D004BE73E /* urg_errno.h */,
				B3B5C24019FC022D004BE73E /* urg_ring_buffer.h */,
				B3B5C24119FC022D004BE73E /* urg_sensor.h */,
				B3B5C24219FC022D004BE73E /* urg_serial.h */,
				B3B5C24319FC022D004BE73E /* urg_serial_utils.h */,
				B3B5C24419FC022D004BE73E /* urg_tcpclient.h */,
				B3B5C24519FC022D004BE73E /* urg_utils.h */,
			);
			path = include;
			sourceTree = "<group>";
		};
		B3B5C24619FC022D004BE73E /* Interaction */ = {
			isa = PBXGroup;
			children = (
				B3B5C24719FC022D004BE73E /* InteractionDebugRenderable.cpp */,
				B3B5C24819FC022D004BE73E /* InteractionDebugRenderable.h */,
				B3B5C24919FC022D004BE73E /* InteractionEvents.cpp */,
				B3B5C24A19FC022D004BE73E /* InteractionEvents.h */,
				B3B5C24B19FC022D004BE73E /* InteractionZones.cpp */,
				B3B5C24C19FC022D004BE73E /* InteractionZones.h */,
			);
			path = Interaction;
			sourceTree = "<group>";
		};
		B3B5C24D19FC022D004BE73E /* Kiosk */ = {
			isa = PBXGroup;
			children = (
				B3B5C25019FC022D004BE73E /* ButtonTypes.cpp */,
				B3B5C25119FC022D004BE73E /* ButtonTypes.h */,
				B3B5C25219FC022D004BE73E /* DisplayState.cpp */,
				B3B5C25319FC022D004BE73E /* DisplayState.h */,
				B3B5C25419FC022D004BE73E /* InfoDisplay.cpp */,
				B3B5C25519FC022D004BE73E /* InfoDisplay.h */,
				B3B5C25619FC022D004BE73E /* KioskManager.cpp */,
				B3B5C25719FC022D004BE73E /* KioskManager.h */,
				B3B5C25819FC022D004BE73E /* Node.h */,
				B3B5C25B19FC022D004BE73E /* PageTypes.cpp */,
				B3B5C25C19FC022D004BE73E /* PageTypes.h */,
			);
			path = Kiosk;
			sourceTree = "<group>";
		};
		B3B5C25D19FC022D004BE73E /* Render */ = {
			isa = PBXGroup;
			children = (
				B3B5C25E19FC022D004BE73E /* Fish.cpp */,
				B3B5C25F19FC022D004BE73E /* Fish.h */,
				B3B5C26019FC022D004BE73E /* Pond.cpp */,
				B3B5C26119FC022D004BE73E /* Pond.h */,
				B3B5C26219FC022D004BE73E /* PondElement.cpp */,
				B3B5C26319FC022D004BE73E /* PondElement.h */,
				B3B5C26419FC022D004BE73E /* PrimitivePondElement.cpp */,
				B3B5C26519FC022D004BE73E /* PrimitivePondElement.h */,
				B3B5C26619FC022D004BE73E /* Renderable.cpp */,
				B3B5C26719FC022D004BE73E /* Renderable.h */,
				B3B5C26819FC022D004BE73E /* Renderer.cpp */,
				B3B5C26919FC022D004BE73E /* Renderer.h */,
				B3B5C26A19FC022D004BE73E /* SpringMesh.cpp */,
				B3B5C26B19FC022D004BE73E /* SpringMesh.h */,
				B3B5C26C19FC022D004BE73E /* Transformation.h */,
			);
			path = Render;
			sourceTree = "<group>";
		};
		F8DD8F5DAC774485B7306DB9 /* cairo */ = {
			isa = PBXGroup;
			children = (
				1E313AD11737462297B09685 /* Cairo.h */,
			);
			name = cairo;
			sourceTree = "<group>";
		};
/* End PBXGroup section */

/* Begin PBXNativeTarget section */
		8D1107260486CEB800E47090 /* hidTest */ = {
			isa = PBXNativeTarget;
			buildConfigurationList = C01FCF4A08A954540054247B /* Build configuration list for PBXNativeTarget "hidTest" */;
			buildPhases = (
				8D1107290486CEB800E47090 /* Resources */,
				8D11072C0486CEB800E47090 /* Sources */,
				8D11072E0486CEB800E47090 /* Frameworks */,
			);
			buildRules = (
			);
			dependencies = (
			);
			name = hidTest;
			productInstallPath = "$(HOME)/Applications";
			productName = hidTest;
			productReference = 8D1107320486CEB800E47090 /* hidTest.app */;
			productType = "com.apple.product-type.application";
		};
/* End PBXNativeTarget section */

/* Begin PBXProject section */
		29B97313FDCFA39411CA2CEA /* Project object */ = {
			isa = PBXProject;
			attributes = {
			};
			buildConfigurationList = C01FCF4E08A954540054247B /* Build configuration list for PBXProject "hidTest" */;
			compatibilityVersion = "Xcode 3.2";
			developmentRegion = English;
			hasScannedForEncodings = 1;
			knownRegions = (
				English,
				Japanese,
				French,
				German,
			);
			mainGroup = 29B97314FDCFA39411CA2CEA /* hidTest */;
			projectDirPath = "";
			projectRoot = "";
			targets = (
				8D1107260486CEB800E47090 /* hidTest */,
			);
		};
/* End PBXProject section */

/* Begin PBXResourcesBuildPhase section */
		8D1107290486CEB800E47090 /* Resources */ = {
			isa = PBXResourcesBuildPhase;
			buildActionMask = 2147483647;
			files = (
				AC07A598B2764505B24E4266 /* CinderApp.icns in Resources */,
			);
			runOnlyForDeploymentPostprocessing = 0;
		};
/* End PBXResourcesBuildPhase section */

/* Begin PBXSourcesBuildPhase section */
		8D11072C0486CEB800E47090 /* Sources */ = {
			isa = PBXSourcesBuildPhase;
			buildActionMask = 2147483647;
			files = (
				87CAA1ABC6C04487B93B2D05 /* hidTestApp.cpp in Sources */,
				B3B5C27A19FC022D004BE73E /* ButtonTypes.cpp in Sources */,
				B3B5C26F19FC022D004BE73E /* JsonManager.cpp in Sources */,
				B3B5C28319FC022D004BE73E /* PrimitivePondElement.cpp in Sources */,
				B3B5C28219FC022D004BE73E /* PondElement.cpp in Sources */,
				B3B5C27F19FC022D004BE73E /* PageTypes.cpp in Sources */,
				B3B5C27019FC022D004BE73E /* SvgManager.cpp in Sources */,
				B3B5C27B19FC022D004BE73E /* DisplayState.cpp in Sources */,
				B3B5C26E19FC022D004BE73E /* Engine.cpp in Sources */,
				B3B5C27319FC022D004BE73E /* hid_MACOSX.c in Sources */,
				B3B5C28119FC022D004BE73E /* Pond.cpp in Sources */,
				B3B5C28619FC022D004BE73E /* SpringMesh.cpp in Sources */,
				B3B5C28419FC022D004BE73E /* Renderable.cpp in Sources */,
				B3B5C27519FC022D004BE73E /* Urg.cpp in Sources */,
				B3B5C27D19FC022D004BE73E /* KioskManager.cpp in Sources */,
				B3B5C27819FC022D004BE73E /* InteractionZones.cpp in Sources */,
				B3B5C27419FC022D004BE73E /* HidCommManager.cpp in Sources */,
				67C4A8E4627544508DF66642 /* Cairo.cpp in Sources */,
				B3B5C28519FC022D004BE73E /* Renderer.cpp in Sources */,
				B3B5C27219FC022D004BE73E /* EventManagerBase.cpp in Sources */,
				B3B5C26D19FC022D004BE73E /* Common.cpp in Sources */,
				B3B5C28019FC022D004BE73E /* Fish.cpp in Sources */,
				B3B5C27C19FC022D004BE73E /* InfoDisplay.cpp in Sources */,
				B3B5C27619FC022D004BE73E /* InteractionDebugRenderable.cpp in Sources */,
				B3B5C27719FC022D004BE73E /* InteractionEvents.cpp in Sources */,
				B3B5C27119FC022D004BE73E /* EventManager.cpp in Sources */,
			);
			runOnlyForDeploymentPostprocessing = 0;
		};
/* End PBXSourcesBuildPhase section */

/* Begin XCBuildConfiguration section */
		C01FCF4B08A954540054247B /* Debug */ = {
			isa = XCBuildConfiguration;
			buildSettings = {
				COMBINE_HIDPI_IMAGES = YES;
				COPY_PHASE_STRIP = NO;
				DEAD_CODE_STRIPPING = YES;
				GCC_DYNAMIC_NO_PIC = NO;
				GCC_INLINES_ARE_PRIVATE_EXTERN = YES;
				GCC_OPTIMIZATION_LEVEL = 0;
				GCC_PRECOMPILE_PREFIX_HEADER = YES;
				GCC_PREFIX_HEADER = hidTest_Prefix.pch;
				GCC_PREPROCESSOR_DEFINITIONS = (
					"DEBUG=1",
					"$(inherited)",
				);
				GCC_SYMBOLS_PRIVATE_EXTERN = NO;
				INFOPLIST_FILE = Info.plist;
				INSTALL_PATH = "$(HOME)/Applications";
				OTHER_LDFLAGS = (
					"\"$(CINDER_PATH)/lib/libcinder_d.a\"",
					../../../HeartBeat_Cinder/blocks/Cairo/lib/macosx/libcairo.a,
					"\"../../../HeartBeat_Cinder/blocks/Cairo/lib/macosx/libpixman-1.a\"",
					../../../HeartBeat_Cinder/blocks/Cairo/lib/macosx/libpng16.a,
					"../../../urg_library-1.0.4/src/liburg_c.a",
				);
				PRODUCT_NAME = hidTest;
				SYMROOT = ./build;
				WRAPPER_EXTENSION = app;
			};
			name = Debug;
		};
		C01FCF4C08A954540054247B /* Release */ = {
			isa = XCBuildConfiguration;
			buildSettings = {
				COMBINE_HIDPI_IMAGES = YES;
				DEAD_CODE_STRIPPING = YES;
				DEBUG_INFORMATION_FORMAT = "dwarf-with-dsym";
				GCC_FAST_MATH = YES;
				GCC_GENERATE_DEBUGGING_SYMBOLS = NO;
				GCC_INLINES_ARE_PRIVATE_EXTERN = YES;
				GCC_OPTIMIZATION_LEVEL = 3;
				GCC_PRECOMPILE_PREFIX_HEADER = YES;
				GCC_PREFIX_HEADER = hidTest_Prefix.pch;
				GCC_PREPROCESSOR_DEFINITIONS = (
					"NDEBUG=1",
					"$(inherited)",
				);
				GCC_SYMBOLS_PRIVATE_EXTERN = NO;
				INFOPLIST_FILE = Info.plist;
				INSTALL_PATH = "$(HOME)/Applications";
				OTHER_LDFLAGS = (
					"\"$(CINDER_PATH)/lib/libcinder.a\"",
					../../../HeartBeat_Cinder/blocks/Cairo/lib/macosx/libcairo.a,
					"\"../../../HeartBeat_Cinder/blocks/Cairo/lib/macosx/libpixman-1.a\"",
					../../../HeartBeat_Cinder/blocks/Cairo/lib/macosx/libpng16.a,
					"../../../urg_library-1.0.4/src/liburg_c.a",
				);
				PRODUCT_NAME = hidTest;
				STRIP_INSTALLED_PRODUCT = YES;
				SYMROOT = ./build;
				WRAPPER_EXTENSION = app;
			};
			name = Release;
		};
		C01FCF4F08A954540054247B /* Debug */ = {
			isa = XCBuildConfiguration;
			buildSettings = {
				ALWAYS_SEARCH_USER_PATHS = NO;
				ARCHS = x86_64;
				CINDER_PATH = ../../../HeartBeat_Cinder;
				CLANG_CXX_LANGUAGE_STANDARD = "c++0x";
				CLANG_CXX_LIBRARY = "libc++";
				GCC_WARN_ABOUT_RETURN_TYPE = YES;
				GCC_WARN_UNUSED_VARIABLE = YES;
				HEADER_SEARCH_PATHS = (
					"\"$(CINDER_PATH)/boost\"",
					../../../HeartBeat_Cinder/blocks/Cairo/include/macosx,
				);
				MACOSX_DEPLOYMENT_TARGET = 10.8;
				SDKROOT = macosx;
				USER_HEADER_SEARCH_PATHS = "\"$(CINDER_PATH)/include\" ../include ../../../HeartBeat_Cinder/blocks/Cairo/include";
			};
			name = Debug;
		};
		C01FCF5008A954540054247B /* Release */ = {
			isa = XCBuildConfiguration;
			buildSettings = {
				ALWAYS_SEARCH_USER_PATHS = NO;
				ARCHS = x86_64;
				CINDER_PATH = ../../../HeartBeat_Cinder;
				CLANG_CXX_LANGUAGE_STANDARD = "c++0x";
				CLANG_CXX_LIBRARY = "libc++";
				GCC_WARN_ABOUT_RETURN_TYPE = YES;
				GCC_WARN_UNUSED_VARIABLE = YES;
				HEADER_SEARCH_PATHS = (
					"\"$(CINDER_PATH)/boost\"",
					../../../HeartBeat_Cinder/blocks/Cairo/include/macosx,
				);
				MACOSX_DEPLOYMENT_TARGET = 10.8;
				SDKROOT = macosx;
				USER_HEADER_SEARCH_PATHS = "\"$(CINDER_PATH)/include\" ../include ../../../HeartBeat_Cinder/blocks/Cairo/include";
			};
			name = Release;
		};
/* End XCBuildConfiguration section */

/* Begin XCConfigurationList section */
		C01FCF4A08A954540054247B /* Build configuration list for PBXNativeTarget "hidTest" */ = {
			isa = XCConfigurationList;
			buildConfigurations = (
				C01FCF4B08A954540054247B /* Debug */,
				C01FCF4C08A954540054247B /* Release */,
			);
			defaultConfigurationIsVisible = 0;
			defaultConfigurationName = Release;
		};
		C01FCF4E08A954540054247B /* Build configuration list for PBXProject "hidTest" */ = {
			isa = XCConfigurationList;
			buildConfigurations = (
				C01FCF4F08A954540054247B /* Debug */,
				C01FCF5008A954540054247B /* Release */,
			);
			defaultConfigurationIsVisible = 0;
			defaultConfigurationName = Release;
		};
/* End XCConfigurationList section */
	};
	rootObject = 29B97313FDCFA39411CA2CEA /* Project object */;
}
